
Microsoft Visual Studio Solution File, Format Version 12.00
# Visual Studio 15
VisualStudioVersion = 15.0.28307.1705
MinimumVisualStudioVersion = 10.0.40219.1
Project("{FAE04EC0-301F-11D3-BF4B-00C04F79EFBC}") = "057_ArrayBasic", "057_ArrayBasic\057_ArrayBasic.csproj", "{935CEA2E-467B-4D24-A6DE-2F85AB0891D5}"
EndProject
Project("{FAE04EC0-301F-11D3-BF4B-00C04F79EFBC}") = "058_ArrayClass", "058_ArrayClass\058_ArrayClass.csproj", "{558F96F5-17DB-422B-8B3F-2E74D0EB5C74}"
EndProject
Project("{FAE04EC0-301F-11D3-BF4B-00C04F79EFBC}") = "059_MultiDimensionArray", "059_MultiDimensionArray\059_MultiDimensionArray.csproj", "{45CC4D76-EA89-4676-B029-09D882A92A84}"
EndProject
Project("{FAE04EC0-301F-11D3-BF4B-00C04F79EFBC}") = "060_ArraySorting", "060_ArraySorting\060_ArraySorting.csproj", "{3EB7FD6C-C9E7-40FA-8FAC-12984894D8B4}"
EndProject
Project("{FAE04EC0-301F-11D3-BF4B-00C04F79EFBC}") = "061_RandomClass", "061_RandomClass\061_RandomClass.csproj", "{75476C1A-43F9-4C9F-9D89-E7D7C1A1E30F}"
EndProject
Project("{FAE04EC0-301F-11D3-BF4B-00C04F79EFBC}") = "062_ArrayAndRandom", "062_ArrayAndRandom\062_ArrayAndRandom.csproj", "{7DF7A74B-6FA1-46FC-AE98-FDD471ED61ED}"
EndProject
Project("{FAE04EC0-301F-11D3-BF4B-00C04F79EFBC}") = "063_BinarySearch", "063_BinarySearch\063_BinarySearch.csproj", "{041533D4-A8B2-4949-80A8-FB3941CAE329}"
EndProject
Project("{FAE04EC0-301F-11D3-BF4B-00C04F79EFBC}") = "064_BubbleSort", "064_BubbleSort\064_BubbleSort.csproj", "{D5CF1C13-0FED-4FC2-9303-E6438E25634A}"
EndProject
Project("{FAE04EC0-301F-11D3-BF4B-00C04F79EFBC}") = "065_ClassAndStruct", "065_ClassAndStruct\065_ClassAndStruct.csproj", "{F457F89A-38EF-46AE-BF55-98F44DE9D22A}"
EndProject
Project("{FAE04EC0-301F-11D3-BF4B-00C04F79EFBC}") = "066_MemberVariable", "066_MemberVariable\066_MemberVariable.csproj", "{9C021203-71E7-4273-AC7A-1A1718BF0800}"
EndProject
Project("{FAE04EC0-301F-11D3-BF4B-00C04F79EFBC}") = "067_InstanceMethod", "067_InstanceMethod\067_InstanceMethod.csproj", "{BC0B0734-FEB9-451F-9288-DA64A88DD5B6}"
EndProject
Project("{FAE04EC0-301F-11D3-BF4B-00C04F79EFBC}") = "068_Constructor", "068_Constructor\068_Constructor.csproj", "{7CE2B571-128F-4E17-9FE4-10A7033A149B}"
EndProject
Project("{FAE04EC0-301F-11D3-BF4B-00C04F79EFBC}") = "069_Property", "069_Property\069_Property.csproj", "{49EE8D26-4B0E-4D2C-9515-39CF81438B44}"
EndProject
Project("{FAE04EC0-301F-11D3-BF4B-00C04F79EFBC}") = "070_StaticMethods", "070_StaticMethods\070_StaticMethods.csproj", "{417093A2-10AE-4B37-AABF-C399415B5DC7}"
EndProject
Project("{FAE04EC0-301F-11D3-BF4B-00C04F79EFBC}") = "071_IsPrime", "071_IsPrime\071_IsPrime.csproj", "{465D5FF2-5678-4AE7-A193-B3DBEAF47859}"
EndProject
Project("{FAE04EC0-301F-11D3-BF4B-00C04F79EFBC}") = "072_IsLeapYear", "072_IsLeapYear\072_IsLeapYear.csproj", "{5A384643-659C-458B-9E0E-52D6DC2D1953}"
EndProject
Project("{FAE04EC0-301F-11D3-BF4B-00C04F79EFBC}") = "073_AgeCalculator", "073_AgeCalculator\073_AgeCalculator.csproj", "{6AF7D919-54B0-4E15-8DBD-F2F2620B5D1F}"
EndProject
Project("{FAE04EC0-301F-11D3-BF4B-00C04F79EFBC}") = "074_PyramidMethod", "074_PyramidMethod\074_PyramidMethod.csproj", "{C0A6FABF-0ED1-4EFD-85C6-0E5A169F6654}"
EndProject
Project("{FAE04EC0-301F-11D3-BF4B-00C04F79EFBC}") = "075_FactorialMethod", "075_FactorialMethod\075_FactorialMethod.csproj", "{6A38FCA7-382D-4ABE-A52E-87B3C8CCF1B3}"
EndProject
Project("{FAE04EC0-301F-11D3-BF4B-00C04F79EFBC}") = "076_Add", "076_Add\076_Add.csproj", "{9CD883B4-5E4C-4044-B765-921A2FFEAA3B}"
EndProject
Project("{FAE04EC0-301F-11D3-BF4B-00C04F79EFBC}") = "077_Power", "077_Power\077_Power.csproj", "{19C4BFA1-F184-444E-96AA-FA212D98CDDC}"
EndProject
Project("{FAE04EC0-301F-11D3-BF4B-00C04F79EFBC}") = "078_AreaOfCircle", "078_AreaOfCircle\078_AreaOfCircle.csproj", "{BDEB34B8-687D-48DA-A909-6292AC0BA1D3}"
EndProject
Project("{FAE04EC0-301F-11D3-BF4B-00C04F79EFBC}") = "079_RecursivePower", "079_RecursivePower\079_RecursivePower.csproj", "{8DD1532D-05D1-4101-98C5-A4940458DBDD}"
EndProject
Project("{FAE04EC0-301F-11D3-BF4B-00C04F79EFBC}") = "080_RecursiveFactorial", "080_RecursiveFactorial\080_RecursiveFactorial.csproj", "{BF44CA1E-9F12-42EC-AC47-70560A4F1A71}"
EndProject
Project("{FAE04EC0-301F-11D3-BF4B-00C04F79EFBC}") = "081_RecursiveSumOfReciprocal", "081_RecursiveSumOfReciprocal\081_RecursiveSumOfReciprocal.csproj", "{DE89CB3E-179C-4A5C-8525-CED236D311FE}"
EndProject
Project("{FAE04EC0-301F-11D3-BF4B-00C04F79EFBC}") = "082_HanoiTower", "082_HanoiTower\082_HanoiTower.csproj", "{13F6FC20-F889-4248-9DA0-277B73B6A9E8}"
EndProject
Project("{FAE04EC0-301F-11D3-BF4B-00C04F79EFBC}") = "083_RecursiveBinarySearch", "083_RecursiveBinarySearch\083_RecursiveBinarySearch.csproj", "{9C5603DB-065D-4B62-8D9C-E318EE54521C}"
EndProject
Project("{FAE04EC0-301F-11D3-BF4B-00C04F79EFBC}") = "084_SKIP", "084_SKIP\084_SKIP.csproj", "{051755E3-788F-4E22-A3EC-FE679DAEF6C4}"
EndProject
Project("{FAE04EC0-301F-11D3-BF4B-00C04F79EFBC}") = "085_DateTime", "085_DateTime\085_DateTime.csproj", "{D337BA05-B60B-4318-8D52-99A0E322B10F}"
EndProject
Project("{FAE04EC0-301F-11D3-BF4B-00C04F79EFBC}") = "086_TimeSpan", "086_TimeSpan\086_TimeSpan.csproj", "{616B83D7-A98B-4A65-A37D-225B5D1B6BA8}"
EndProject
Project("{FAE04EC0-301F-11D3-BF4B-00C04F79EFBC}") = "087_LifeTimeCalc", "087_LifeTimeCalc\087_LifeTimeCalc.csproj", "{A8675924-F233-4D91-B769-4B2D9F91BD49}"
EndProject
Project("{FAE04EC0-301F-11D3-BF4B-00C04F79EFBC}") = "088_DateTimeFormat", "088_DateTimeFormat\088_DateTimeFormat.csproj", "{EBD0632D-0B26-4979-98EF-DCE518524C90}"
EndProject
Project("{FAE04EC0-301F-11D3-BF4B-00C04F79EFBC}") = "089_MethodArguments", "089_MethodArguments\089_MethodArguments.csproj", "{D475D1A9-17C8-4FB0-B3BE-3713449D9BD5}"
EndProject
Project("{FAE04EC0-301F-11D3-BF4B-00C04F79EFBC}") = "090_params", "090_params\090_params.csproj", "{1B743BCE-D948-4E6D-90C6-8C8699F60F77}"
EndProject
Project("{FAE04EC0-301F-11D3-BF4B-00C04F79EFBC}") = "091_OptionalNamedArguments", "091_OptionalNamedArguments\091_OptionalNamedArguments.csproj", "{6C21106E-A998-4D2E-8BA8-2A0E7A808A5C}"
EndProject
Project("{FAE04EC0-301F-11D3-BF4B-00C04F79EFBC}") = "092_MethodOverloading", "092_MethodOverloading\092_MethodOverloading.csproj", "{A14BF592-B60A-4849-B23D-F3853A77847B}"
EndProject
Global
	GlobalSection(SolutionConfigurationPlatforms) = preSolution
		Debug|Any CPU = Debug|Any CPU
		Debug|x64 = Debug|x64
		Debug|x86 = Debug|x86
		Release|Any CPU = Release|Any CPU
		Release|x64 = Release|x64
		Release|x86 = Release|x86
	EndGlobalSection
	GlobalSection(ProjectConfigurationPlatforms) = postSolution
		{935CEA2E-467B-4D24-A6DE-2F85AB0891D5}.Debug|Any CPU.ActiveCfg = Debug|Any CPU
		{935CEA2E-467B-4D24-A6DE-2F85AB0891D5}.Debug|Any CPU.Build.0 = Debug|Any CPU
		{935CEA2E-467B-4D24-A6DE-2F85AB0891D5}.Debug|x64.ActiveCfg = Debug|Any CPU
		{935CEA2E-467B-4D24-A6DE-2F85AB0891D5}.Debug|x64.Build.0 = Debug|Any CPU
		{935CEA2E-467B-4D24-A6DE-2F85AB0891D5}.Debug|x86.ActiveCfg = Debug|Any CPU
		{935CEA2E-467B-4D24-A6DE-2F85AB0891D5}.Debug|x86.Build.0 = Debug|Any CPU
		{935CEA2E-467B-4D24-A6DE-2F85AB0891D5}.Release|Any CPU.ActiveCfg = Release|Any CPU
		{935CEA2E-467B-4D24-A6DE-2F85AB0891D5}.Release|Any CPU.Build.0 = Release|Any CPU
		{935CEA2E-467B-4D24-A6DE-2F85AB0891D5}.Release|x64.ActiveCfg = Release|Any CPU
		{935CEA2E-467B-4D24-A6DE-2F85AB0891D5}.Release|x64.Build.0 = Release|Any CPU
		{935CEA2E-467B-4D24-A6DE-2F85AB0891D5}.Release|x86.ActiveCfg = Release|Any CPU
		{935CEA2E-467B-4D24-A6DE-2F85AB0891D5}.Release|x86.Build.0 = Release|Any CPU
		{558F96F5-17DB-422B-8B3F-2E74D0EB5C74}.Debug|Any CPU.ActiveCfg = Debug|Any CPU
		{558F96F5-17DB-422B-8B3F-2E74D0EB5C74}.Debug|Any CPU.Build.0 = Debug|Any CPU
		{558F96F5-17DB-422B-8B3F-2E74D0EB5C74}.Debug|x64.ActiveCfg = Debug|Any CPU
		{558F96F5-17DB-422B-8B3F-2E74D0EB5C74}.Debug|x64.Build.0 = Debug|Any CPU
		{558F96F5-17DB-422B-8B3F-2E74D0EB5C74}.Debug|x86.ActiveCfg = Debug|Any CPU
		{558F96F5-17DB-422B-8B3F-2E74D0EB5C74}.Debug|x86.Build.0 = Debug|Any CPU
		{558F96F5-17DB-422B-8B3F-2E74D0EB5C74}.Release|Any CPU.ActiveCfg = Release|Any CPU
		{558F96F5-17DB-422B-8B3F-2E74D0EB5C74}.Release|Any CPU.Build.0 = Release|Any CPU
		{558F96F5-17DB-422B-8B3F-2E74D0EB5C74}.Release|x64.ActiveCfg = Release|Any CPU
		{558F96F5-17DB-422B-8B3F-2E74D0EB5C74}.Release|x64.Build.0 = Release|Any CPU
		{558F96F5-17DB-422B-8B3F-2E74D0EB5C74}.Release|x86.ActiveCfg = Release|Any CPU
		{558F96F5-17DB-422B-8B3F-2E74D0EB5C74}.Release|x86.Build.0 = Release|Any CPU
		{45CC4D76-EA89-4676-B029-09D882A92A84}.Debug|Any CPU.ActiveCfg = Debug|Any CPU
		{45CC4D76-EA89-4676-B029-09D882A92A84}.Debug|Any CPU.Build.0 = Debug|Any CPU
		{45CC4D76-EA89-4676-B029-09D882A92A84}.Debug|x64.ActiveCfg = Debug|Any CPU
		{45CC4D76-EA89-4676-B029-09D882A92A84}.Debug|x64.Build.0 = Debug|Any CPU
		{45CC4D76-EA89-4676-B029-09D882A92A84}.Debug|x86.ActiveCfg = Debug|Any CPU
		{45CC4D76-EA89-4676-B029-09D882A92A84}.Debug|x86.Build.0 = Debug|Any CPU
		{45CC4D76-EA89-4676-B029-09D882A92A84}.Release|Any CPU.ActiveCfg = Release|Any CPU
		{45CC4D76-EA89-4676-B029-09D882A92A84}.Release|Any CPU.Build.0 = Release|Any CPU
		{45CC4D76-EA89-4676-B029-09D882A92A84}.Release|x64.ActiveCfg = Release|Any CPU
		{45CC4D76-EA89-4676-B029-09D882A92A84}.Release|x64.Build.0 = Release|Any CPU
		{45CC4D76-EA89-4676-B029-09D882A92A84}.Release|x86.ActiveCfg = Release|Any CPU
		{45CC4D76-EA89-4676-B029-09D882A92A84}.Release|x86.Build.0 = Release|Any CPU
		{3EB7FD6C-C9E7-40FA-8FAC-12984894D8B4}.Debug|Any CPU.ActiveCfg = Debug|Any CPU
		{3EB7FD6C-C9E7-40FA-8FAC-12984894D8B4}.Debug|Any CPU.Build.0 = Debug|Any CPU
		{3EB7FD6C-C9E7-40FA-8FAC-12984894D8B4}.Debug|x64.ActiveCfg = Debug|Any CPU
		{3EB7FD6C-C9E7-40FA-8FAC-12984894D8B4}.Debug|x64.Build.0 = Debug|Any CPU
		{3EB7FD6C-C9E7-40FA-8FAC-12984894D8B4}.Debug|x86.ActiveCfg = Debug|Any CPU
		{3EB7FD6C-C9E7-40FA-8FAC-12984894D8B4}.Debug|x86.Build.0 = Debug|Any CPU
		{3EB7FD6C-C9E7-40FA-8FAC-12984894D8B4}.Release|Any CPU.ActiveCfg = Release|Any CPU
		{3EB7FD6C-C9E7-40FA-8FAC-12984894D8B4}.Release|Any CPU.Build.0 = Release|Any CPU
		{3EB7FD6C-C9E7-40FA-8FAC-12984894D8B4}.Release|x64.ActiveCfg = Release|Any CPU
		{3EB7FD6C-C9E7-40FA-8FAC-12984894D8B4}.Release|x64.Build.0 = Release|Any CPU
		{3EB7FD6C-C9E7-40FA-8FAC-12984894D8B4}.Release|x86.ActiveCfg = Release|Any CPU
		{3EB7FD6C-C9E7-40FA-8FAC-12984894D8B4}.Release|x86.Build.0 = Release|Any CPU
		{75476C1A-43F9-4C9F-9D89-E7D7C1A1E30F}.Debug|Any CPU.ActiveCfg = Debug|Any CPU
		{75476C1A-43F9-4C9F-9D89-E7D7C1A1E30F}.Debug|Any CPU.Build.0 = Debug|Any CPU
		{75476C1A-43F9-4C9F-9D89-E7D7C1A1E30F}.Debug|x64.ActiveCfg = Debug|Any CPU
		{75476C1A-43F9-4C9F-9D89-E7D7C1A1E30F}.Debug|x64.Build.0 = Debug|Any CPU
		{75476C1A-43F9-4C9F-9D89-E7D7C1A1E30F}.Debug|x86.ActiveCfg = Debug|Any CPU
		{75476C1A-43F9-4C9F-9D89-E7D7C1A1E30F}.Debug|x86.Build.0 = Debug|Any CPU
		{75476C1A-43F9-4C9F-9D89-E7D7C1A1E30F}.Release|Any CPU.ActiveCfg = Release|Any CPU
		{75476C1A-43F9-4C9F-9D89-E7D7C1A1E30F}.Release|Any CPU.Build.0 = Release|Any CPU
		{75476C1A-43F9-4C9F-9D89-E7D7C1A1E30F}.Release|x64.ActiveCfg = Release|Any CPU
		{75476C1A-43F9-4C9F-9D89-E7D7C1A1E30F}.Release|x64.Build.0 = Release|Any CPU
		{75476C1A-43F9-4C9F-9D89-E7D7C1A1E30F}.Release|x86.ActiveCfg = Release|Any CPU
		{75476C1A-43F9-4C9F-9D89-E7D7C1A1E30F}.Release|x86.Build.0 = Release|Any CPU
		{7DF7A74B-6FA1-46FC-AE98-FDD471ED61ED}.Debug|Any CPU.ActiveCfg = Debug|Any CPU
		{7DF7A74B-6FA1-46FC-AE98-FDD471ED61ED}.Debug|Any CPU.Build.0 = Debug|Any CPU
		{7DF7A74B-6FA1-46FC-AE98-FDD471ED61ED}.Debug|x64.ActiveCfg = Debug|Any CPU
		{7DF7A74B-6FA1-46FC-AE98-FDD471ED61ED}.Debug|x64.Build.0 = Debug|Any CPU
		{7DF7A74B-6FA1-46FC-AE98-FDD471ED61ED}.Debug|x86.ActiveCfg = Debug|Any CPU
		{7DF7A74B-6FA1-46FC-AE98-FDD471ED61ED}.Debug|x86.Build.0 = Debug|Any CPU
		{7DF7A74B-6FA1-46FC-AE98-FDD471ED61ED}.Release|Any CPU.ActiveCfg = Release|Any CPU
		{7DF7A74B-6FA1-46FC-AE98-FDD471ED61ED}.Release|Any CPU.Build.0 = Release|Any CPU
		{7DF7A74B-6FA1-46FC-AE98-FDD471ED61ED}.Release|x64.ActiveCfg = Release|Any CPU
		{7DF7A74B-6FA1-46FC-AE98-FDD471ED61ED}.Release|x64.Build.0 = Release|Any CPU
		{7DF7A74B-6FA1-46FC-AE98-FDD471ED61ED}.Release|x86.ActiveCfg = Release|Any CPU
		{7DF7A74B-6FA1-46FC-AE98-FDD471ED61ED}.Release|x86.Build.0 = Release|Any CPU
		{041533D4-A8B2-4949-80A8-FB3941CAE329}.Debug|Any CPU.ActiveCfg = Debug|Any CPU
		{041533D4-A8B2-4949-80A8-FB3941CAE329}.Debug|Any CPU.Build.0 = Debug|Any CPU
		{041533D4-A8B2-4949-80A8-FB3941CAE329}.Debug|x64.ActiveCfg = Debug|Any CPU
		{041533D4-A8B2-4949-80A8-FB3941CAE329}.Debug|x64.Build.0 = Debug|Any CPU
		{041533D4-A8B2-4949-80A8-FB3941CAE329}.Debug|x86.ActiveCfg = Debug|Any CPU
		{041533D4-A8B2-4949-80A8-FB3941CAE329}.Debug|x86.Build.0 = Debug|Any CPU
		{041533D4-A8B2-4949-80A8-FB3941CAE329}.Release|Any CPU.ActiveCfg = Release|Any CPU
		{041533D4-A8B2-4949-80A8-FB3941CAE329}.Release|Any CPU.Build.0 = Release|Any CPU
		{041533D4-A8B2-4949-80A8-FB3941CAE329}.Release|x64.ActiveCfg = Release|Any CPU
		{041533D4-A8B2-4949-80A8-FB3941CAE329}.Release|x64.Build.0 = Release|Any CPU
		{041533D4-A8B2-4949-80A8-FB3941CAE329}.Release|x86.ActiveCfg = Release|Any CPU
		{041533D4-A8B2-4949-80A8-FB3941CAE329}.Release|x86.Build.0 = Release|Any CPU
		{D5CF1C13-0FED-4FC2-9303-E6438E25634A}.Debug|Any CPU.ActiveCfg = Debug|Any CPU
		{D5CF1C13-0FED-4FC2-9303-E6438E25634A}.Debug|Any CPU.Build.0 = Debug|Any CPU
		{D5CF1C13-0FED-4FC2-9303-E6438E25634A}.Debug|x64.ActiveCfg = Debug|Any CPU
		{D5CF1C13-0FED-4FC2-9303-E6438E25634A}.Debug|x64.Build.0 = Debug|Any CPU
		{D5CF1C13-0FED-4FC2-9303-E6438E25634A}.Debug|x86.ActiveCfg = Debug|Any CPU
		{D5CF1C13-0FED-4FC2-9303-E6438E25634A}.Debug|x86.Build.0 = Debug|Any CPU
		{D5CF1C13-0FED-4FC2-9303-E6438E25634A}.Release|Any CPU.ActiveCfg = Release|Any CPU
		{D5CF1C13-0FED-4FC2-9303-E6438E25634A}.Release|Any CPU.Build.0 = Release|Any CPU
		{D5CF1C13-0FED-4FC2-9303-E6438E25634A}.Release|x64.ActiveCfg = Release|Any CPU
		{D5CF1C13-0FED-4FC2-9303-E6438E25634A}.Release|x64.Build.0 = Release|Any CPU
		{D5CF1C13-0FED-4FC2-9303-E6438E25634A}.Release|x86.ActiveCfg = Release|Any CPU
		{D5CF1C13-0FED-4FC2-9303-E6438E25634A}.Release|x86.Build.0 = Release|Any CPU
		{F457F89A-38EF-46AE-BF55-98F44DE9D22A}.Debug|Any CPU.ActiveCfg = Debug|Any CPU
		{F457F89A-38EF-46AE-BF55-98F44DE9D22A}.Debug|Any CPU.Build.0 = Debug|Any CPU
		{F457F89A-38EF-46AE-BF55-98F44DE9D22A}.Debug|x64.ActiveCfg = Debug|Any CPU
		{F457F89A-38EF-46AE-BF55-98F44DE9D22A}.Debug|x64.Build.0 = Debug|Any CPU
		{F457F89A-38EF-46AE-BF55-98F44DE9D22A}.Debug|x86.ActiveCfg = Debug|Any CPU
		{F457F89A-38EF-46AE-BF55-98F44DE9D22A}.Debug|x86.Build.0 = Debug|Any CPU
		{F457F89A-38EF-46AE-BF55-98F44DE9D22A}.Release|Any CPU.ActiveCfg = Release|Any CPU
		{F457F89A-38EF-46AE-BF55-98F44DE9D22A}.Release|Any CPU.Build.0 = Release|Any CPU
		{F457F89A-38EF-46AE-BF55-98F44DE9D22A}.Release|x64.ActiveCfg = Release|Any CPU
		{F457F89A-38EF-46AE-BF55-98F44DE9D22A}.Release|x64.Build.0 = Release|Any CPU
		{F457F89A-38EF-46AE-BF55-98F44DE9D22A}.Release|x86.ActiveCfg = Release|Any CPU
		{F457F89A-38EF-46AE-BF55-98F44DE9D22A}.Release|x86.Build.0 = Release|Any CPU
		{9C021203-71E7-4273-AC7A-1A1718BF0800}.Debug|Any CPU.ActiveCfg = Debug|Any CPU
		{9C021203-71E7-4273-AC7A-1A1718BF0800}.Debug|Any CPU.Build.0 = Debug|Any CPU
		{9C021203-71E7-4273-AC7A-1A1718BF0800}.Debug|x64.ActiveCfg = Debug|Any CPU
		{9C021203-71E7-4273-AC7A-1A1718BF0800}.Debug|x64.Build.0 = Debug|Any CPU
		{9C021203-71E7-4273-AC7A-1A1718BF0800}.Debug|x86.ActiveCfg = Debug|Any CPU
		{9C021203-71E7-4273-AC7A-1A1718BF0800}.Debug|x86.Build.0 = Debug|Any CPU
		{9C021203-71E7-4273-AC7A-1A1718BF0800}.Release|Any CPU.ActiveCfg = Release|Any CPU
		{9C021203-71E7-4273-AC7A-1A1718BF0800}.Release|Any CPU.Build.0 = Release|Any CPU
		{9C021203-71E7-4273-AC7A-1A1718BF0800}.Release|x64.ActiveCfg = Release|Any CPU
		{9C021203-71E7-4273-AC7A-1A1718BF0800}.Release|x64.Build.0 = Release|Any CPU
		{9C021203-71E7-4273-AC7A-1A1718BF0800}.Release|x86.ActiveCfg = Release|Any CPU
		{9C021203-71E7-4273-AC7A-1A1718BF0800}.Release|x86.Build.0 = Release|Any CPU
		{BC0B0734-FEB9-451F-9288-DA64A88DD5B6}.Debug|Any CPU.ActiveCfg = Debug|Any CPU
		{BC0B0734-FEB9-451F-9288-DA64A88DD5B6}.Debug|Any CPU.Build.0 = Debug|Any CPU
		{BC0B0734-FEB9-451F-9288-DA64A88DD5B6}.Debug|x64.ActiveCfg = Debug|Any CPU
		{BC0B0734-FEB9-451F-9288-DA64A88DD5B6}.Debug|x64.Build.0 = Debug|Any CPU
		{BC0B0734-FEB9-451F-9288-DA64A88DD5B6}.Debug|x86.ActiveCfg = Debug|Any CPU
		{BC0B0734-FEB9-451F-9288-DA64A88DD5B6}.Debug|x86.Build.0 = Debug|Any CPU
		{BC0B0734-FEB9-451F-9288-DA64A88DD5B6}.Release|Any CPU.ActiveCfg = Release|Any CPU
		{BC0B0734-FEB9-451F-9288-DA64A88DD5B6}.Release|Any CPU.Build.0 = Release|Any CPU
		{BC0B0734-FEB9-451F-9288-DA64A88DD5B6}.Release|x64.ActiveCfg = Release|Any CPU
		{BC0B0734-FEB9-451F-9288-DA64A88DD5B6}.Release|x64.Build.0 = Release|Any CPU
		{BC0B0734-FEB9-451F-9288-DA64A88DD5B6}.Release|x86.ActiveCfg = Release|Any CPU
		{BC0B0734-FEB9-451F-9288-DA64A88DD5B6}.Release|x86.Build.0 = Release|Any CPU
		{7CE2B571-128F-4E17-9FE4-10A7033A149B}.Debug|Any CPU.ActiveCfg = Debug|Any CPU
		{7CE2B571-128F-4E17-9FE4-10A7033A149B}.Debug|Any CPU.Build.0 = Debug|Any CPU
		{7CE2B571-128F-4E17-9FE4-10A7033A149B}.Debug|x64.ActiveCfg = Debug|Any CPU
		{7CE2B571-128F-4E17-9FE4-10A7033A149B}.Debug|x64.Build.0 = Debug|Any CPU
		{7CE2B571-128F-4E17-9FE4-10A7033A149B}.Debug|x86.ActiveCfg = Debug|Any CPU
		{7CE2B571-128F-4E17-9FE4-10A7033A149B}.Debug|x86.Build.0 = Debug|Any CPU
		{7CE2B571-128F-4E17-9FE4-10A7033A149B}.Release|Any CPU.ActiveCfg = Release|Any CPU
		{7CE2B571-128F-4E17-9FE4-10A7033A149B}.Release|Any CPU.Build.0 = Release|Any CPU
		{7CE2B571-128F-4E17-9FE4-10A7033A149B}.Release|x64.ActiveCfg = Release|Any CPU
		{7CE2B571-128F-4E17-9FE4-10A7033A149B}.Release|x64.Build.0 = Release|Any CPU
		{7CE2B571-128F-4E17-9FE4-10A7033A149B}.Release|x86.ActiveCfg = Release|Any CPU
		{7CE2B571-128F-4E17-9FE4-10A7033A149B}.Release|x86.Build.0 = Release|Any CPU
		{49EE8D26-4B0E-4D2C-9515-39CF81438B44}.Debug|Any CPU.ActiveCfg = Debug|Any CPU
		{49EE8D26-4B0E-4D2C-9515-39CF81438B44}.Debug|Any CPU.Build.0 = Debug|Any CPU
		{49EE8D26-4B0E-4D2C-9515-39CF81438B44}.Debug|x64.ActiveCfg = Debug|Any CPU
		{49EE8D26-4B0E-4D2C-9515-39CF81438B44}.Debug|x64.Build.0 = Debug|Any CPU
		{49EE8D26-4B0E-4D2C-9515-39CF81438B44}.Debug|x86.ActiveCfg = Debug|Any CPU
		{49EE8D26-4B0E-4D2C-9515-39CF81438B44}.Debug|x86.Build.0 = Debug|Any CPU
		{49EE8D26-4B0E-4D2C-9515-39CF81438B44}.Release|Any CPU.ActiveCfg = Release|Any CPU
		{49EE8D26-4B0E-4D2C-9515-39CF81438B44}.Release|Any CPU.Build.0 = Release|Any CPU
		{49EE8D26-4B0E-4D2C-9515-39CF81438B44}.Release|x64.ActiveCfg = Release|Any CPU
		{49EE8D26-4B0E-4D2C-9515-39CF81438B44}.Release|x64.Build.0 = Release|Any CPU
		{49EE8D26-4B0E-4D2C-9515-39CF81438B44}.Release|x86.ActiveCfg = Release|Any CPU
		{49EE8D26-4B0E-4D2C-9515-39CF81438B44}.Release|x86.Build.0 = Release|Any CPU
		{417093A2-10AE-4B37-AABF-C399415B5DC7}.Debug|Any CPU.ActiveCfg = Debug|Any CPU
		{417093A2-10AE-4B37-AABF-C399415B5DC7}.Debug|Any CPU.Build.0 = Debug|Any CPU
		{417093A2-10AE-4B37-AABF-C399415B5DC7}.Debug|x64.ActiveCfg = Debug|Any CPU
		{417093A2-10AE-4B37-AABF-C399415B5DC7}.Debug|x64.Build.0 = Debug|Any CPU
		{417093A2-10AE-4B37-AABF-C399415B5DC7}.Debug|x86.ActiveCfg = Debug|Any CPU
		{417093A2-10AE-4B37-AABF-C399415B5DC7}.Debug|x86.Build.0 = Debug|Any CPU
		{417093A2-10AE-4B37-AABF-C399415B5DC7}.Release|Any CPU.ActiveCfg = Release|Any CPU
		{417093A2-10AE-4B37-AABF-C399415B5DC7}.Release|Any CPU.Build.0 = Release|Any CPU
		{417093A2-10AE-4B37-AABF-C399415B5DC7}.Release|x64.ActiveCfg = Release|Any CPU
		{417093A2-10AE-4B37-AABF-C399415B5DC7}.Release|x64.Build.0 = Release|Any CPU
		{417093A2-10AE-4B37-AABF-C399415B5DC7}.Release|x86.ActiveCfg = Release|Any CPU
		{417093A2-10AE-4B37-AABF-C399415B5DC7}.Release|x86.Build.0 = Release|Any CPU
		{465D5FF2-5678-4AE7-A193-B3DBEAF47859}.Debug|Any CPU.ActiveCfg = Debug|Any CPU
		{465D5FF2-5678-4AE7-A193-B3DBEAF47859}.Debug|Any CPU.Build.0 = Debug|Any CPU
		{465D5FF2-5678-4AE7-A193-B3DBEAF47859}.Debug|x64.ActiveCfg = Debug|Any CPU
		{465D5FF2-5678-4AE7-A193-B3DBEAF47859}.Debug|x64.Build.0 = Debug|Any CPU
		{465D5FF2-5678-4AE7-A193-B3DBEAF47859}.Debug|x86.ActiveCfg = Debug|Any CPU
		{465D5FF2-5678-4AE7-A193-B3DBEAF47859}.Debug|x86.Build.0 = Debug|Any CPU
		{465D5FF2-5678-4AE7-A193-B3DBEAF47859}.Release|Any CPU.ActiveCfg = Release|Any CPU
		{465D5FF2-5678-4AE7-A193-B3DBEAF47859}.Release|Any CPU.Build.0 = Release|Any CPU
		{465D5FF2-5678-4AE7-A193-B3DBEAF47859}.Release|x64.ActiveCfg = Release|Any CPU
		{465D5FF2-5678-4AE7-A193-B3DBEAF47859}.Release|x64.Build.0 = Release|Any CPU
		{465D5FF2-5678-4AE7-A193-B3DBEAF47859}.Release|x86.ActiveCfg = Release|Any CPU
		{465D5FF2-5678-4AE7-A193-B3DBEAF47859}.Release|x86.Build.0 = Release|Any CPU
		{5A384643-659C-458B-9E0E-52D6DC2D1953}.Debug|Any CPU.ActiveCfg = Debug|Any CPU
		{5A384643-659C-458B-9E0E-52D6DC2D1953}.Debug|Any CPU.Build.0 = Debug|Any CPU
		{5A384643-659C-458B-9E0E-52D6DC2D1953}.Debug|x64.ActiveCfg = Debug|Any CPU
		{5A384643-659C-458B-9E0E-52D6DC2D1953}.Debug|x64.Build.0 = Debug|Any CPU
		{5A384643-659C-458B-9E0E-52D6DC2D1953}.Debug|x86.ActiveCfg = Debug|Any CPU
		{5A384643-659C-458B-9E0E-52D6DC2D1953}.Debug|x86.Build.0 = Debug|Any CPU
		{5A384643-659C-458B-9E0E-52D6DC2D1953}.Release|Any CPU.ActiveCfg = Release|Any CPU
		{5A384643-659C-458B-9E0E-52D6DC2D1953}.Release|Any CPU.Build.0 = Release|Any CPU
		{5A384643-659C-458B-9E0E-52D6DC2D1953}.Release|x64.ActiveCfg = Release|Any CPU
		{5A384643-659C-458B-9E0E-52D6DC2D1953}.Release|x64.Build.0 = Release|Any CPU
		{5A384643-659C-458B-9E0E-52D6DC2D1953}.Release|x86.ActiveCfg = Release|Any CPU
		{5A384643-659C-458B-9E0E-52D6DC2D1953}.Release|x86.Build.0 = Release|Any CPU
		{6AF7D919-54B0-4E15-8DBD-F2F2620B5D1F}.Debug|Any CPU.ActiveCfg = Debug|Any CPU
		{6AF7D919-54B0-4E15-8DBD-F2F2620B5D1F}.Debug|Any CPU.Build.0 = Debug|Any CPU
		{6AF7D919-54B0-4E15-8DBD-F2F2620B5D1F}.Debug|x64.ActiveCfg = Debug|Any CPU
		{6AF7D919-54B0-4E15-8DBD-F2F2620B5D1F}.Debug|x64.Build.0 = Debug|Any CPU
		{6AF7D919-54B0-4E15-8DBD-F2F2620B5D1F}.Debug|x86.ActiveCfg = Debug|Any CPU
		{6AF7D919-54B0-4E15-8DBD-F2F2620B5D1F}.Debug|x86.Build.0 = Debug|Any CPU
		{6AF7D919-54B0-4E15-8DBD-F2F2620B5D1F}.Release|Any CPU.ActiveCfg = Release|Any CPU
		{6AF7D919-54B0-4E15-8DBD-F2F2620B5D1F}.Release|Any CPU.Build.0 = Release|Any CPU
		{6AF7D919-54B0-4E15-8DBD-F2F2620B5D1F}.Release|x64.ActiveCfg = Release|Any CPU
		{6AF7D919-54B0-4E15-8DBD-F2F2620B5D1F}.Release|x64.Build.0 = Release|Any CPU
		{6AF7D919-54B0-4E15-8DBD-F2F2620B5D1F}.Release|x86.ActiveCfg = Release|Any CPU
		{6AF7D919-54B0-4E15-8DBD-F2F2620B5D1F}.Release|x86.Build.0 = Release|Any CPU
		{C0A6FABF-0ED1-4EFD-85C6-0E5A169F6654}.Debug|Any CPU.ActiveCfg = Debug|Any CPU
		{C0A6FABF-0ED1-4EFD-85C6-0E5A169F6654}.Debug|Any CPU.Build.0 = Debug|Any CPU
		{C0A6FABF-0ED1-4EFD-85C6-0E5A169F6654}.Debug|x64.ActiveCfg = Debug|Any CPU
		{C0A6FABF-0ED1-4EFD-85C6-0E5A169F6654}.Debug|x64.Build.0 = Debug|Any CPU
		{C0A6FABF-0ED1-4EFD-85C6-0E5A169F6654}.Debug|x86.ActiveCfg = Debug|Any CPU
		{C0A6FABF-0ED1-4EFD-85C6-0E5A169F6654}.Debug|x86.Build.0 = Debug|Any CPU
		{C0A6FABF-0ED1-4EFD-85C6-0E5A169F6654}.Release|Any CPU.ActiveCfg = Release|Any CPU
		{C0A6FABF-0ED1-4EFD-85C6-0E5A169F6654}.Release|Any CPU.Build.0 = Release|Any CPU
		{C0A6FABF-0ED1-4EFD-85C6-0E5A169F6654}.Release|x64.ActiveCfg = Release|Any CPU
		{C0A6FABF-0ED1-4EFD-85C6-0E5A169F6654}.Release|x64.Build.0 = Release|Any CPU
		{C0A6FABF-0ED1-4EFD-85C6-0E5A169F6654}.Release|x86.ActiveCfg = Release|Any CPU
		{C0A6FABF-0ED1-4EFD-85C6-0E5A169F6654}.Release|x86.Build.0 = Release|Any CPU
		{6A38FCA7-382D-4ABE-A52E-87B3C8CCF1B3}.Debug|Any CPU.ActiveCfg = Debug|Any CPU
		{6A38FCA7-382D-4ABE-A52E-87B3C8CCF1B3}.Debug|Any CPU.Build.0 = Debug|Any CPU
		{6A38FCA7-382D-4ABE-A52E-87B3C8CCF1B3}.Debug|x64.ActiveCfg = Debug|Any CPU
		{6A38FCA7-382D-4ABE-A52E-87B3C8CCF1B3}.Debug|x64.Build.0 = Debug|Any CPU
		{6A38FCA7-382D-4ABE-A52E-87B3C8CCF1B3}.Debug|x86.ActiveCfg = Debug|Any CPU
		{6A38FCA7-382D-4ABE-A52E-87B3C8CCF1B3}.Debug|x86.Build.0 = Debug|Any CPU
		{6A38FCA7-382D-4ABE-A52E-87B3C8CCF1B3}.Release|Any CPU.ActiveCfg = Release|Any CPU
		{6A38FCA7-382D-4ABE-A52E-87B3C8CCF1B3}.Release|Any CPU.Build.0 = Release|Any CPU
		{6A38FCA7-382D-4ABE-A52E-87B3C8CCF1B3}.Release|x64.ActiveCfg = Release|Any CPU
		{6A38FCA7-382D-4ABE-A52E-87B3C8CCF1B3}.Release|x64.Build.0 = Release|Any CPU
		{6A38FCA7-382D-4ABE-A52E-87B3C8CCF1B3}.Release|x86.ActiveCfg = Release|Any CPU
		{6A38FCA7-382D-4ABE-A52E-87B3C8CCF1B3}.Release|x86.Build.0 = Release|Any CPU
		{9CD883B4-5E4C-4044-B765-921A2FFEAA3B}.Debug|Any CPU.ActiveCfg = Debug|Any CPU
		{9CD883B4-5E4C-4044-B765-921A2FFEAA3B}.Debug|Any CPU.Build.0 = Debug|Any CPU
		{9CD883B4-5E4C-4044-B765-921A2FFEAA3B}.Debug|x64.ActiveCfg = Debug|Any CPU
		{9CD883B4-5E4C-4044-B765-921A2FFEAA3B}.Debug|x64.Build.0 = Debug|Any CPU
		{9CD883B4-5E4C-4044-B765-921A2FFEAA3B}.Debug|x86.ActiveCfg = Debug|Any CPU
		{9CD883B4-5E4C-4044-B765-921A2FFEAA3B}.Debug|x86.Build.0 = Debug|Any CPU
		{9CD883B4-5E4C-4044-B765-921A2FFEAA3B}.Release|Any CPU.ActiveCfg = Release|Any CPU
		{9CD883B4-5E4C-4044-B765-921A2FFEAA3B}.Release|Any CPU.Build.0 = Release|Any CPU
		{9CD883B4-5E4C-4044-B765-921A2FFEAA3B}.Release|x64.ActiveCfg = Release|Any CPU
		{9CD883B4-5E4C-4044-B765-921A2FFEAA3B}.Release|x64.Build.0 = Release|Any CPU
		{9CD883B4-5E4C-4044-B765-921A2FFEAA3B}.Release|x86.ActiveCfg = Release|Any CPU
		{9CD883B4-5E4C-4044-B765-921A2FFEAA3B}.Release|x86.Build.0 = Release|Any CPU
		{19C4BFA1-F184-444E-96AA-FA212D98CDDC}.Debug|Any CPU.ActiveCfg = Debug|Any CPU
		{19C4BFA1-F184-444E-96AA-FA212D98CDDC}.Debug|Any CPU.Build.0 = Debug|Any CPU
		{19C4BFA1-F184-444E-96AA-FA212D98CDDC}.Debug|x64.ActiveCfg = Debug|Any CPU
		{19C4BFA1-F184-444E-96AA-FA212D98CDDC}.Debug|x64.Build.0 = Debug|Any CPU
		{19C4BFA1-F184-444E-96AA-FA212D98CDDC}.Debug|x86.ActiveCfg = Debug|Any CPU
		{19C4BFA1-F184-444E-96AA-FA212D98CDDC}.Debug|x86.Build.0 = Debug|Any CPU
		{19C4BFA1-F184-444E-96AA-FA212D98CDDC}.Release|Any CPU.ActiveCfg = Release|Any CPU
		{19C4BFA1-F184-444E-96AA-FA212D98CDDC}.Release|Any CPU.Build.0 = Release|Any CPU
		{19C4BFA1-F184-444E-96AA-FA212D98CDDC}.Release|x64.ActiveCfg = Release|Any CPU
		{19C4BFA1-F184-444E-96AA-FA212D98CDDC}.Release|x64.Build.0 = Release|Any CPU
		{19C4BFA1-F184-444E-96AA-FA212D98CDDC}.Release|x86.ActiveCfg = Release|Any CPU
		{19C4BFA1-F184-444E-96AA-FA212D98CDDC}.Release|x86.Build.0 = Release|Any CPU
		{BDEB34B8-687D-48DA-A909-6292AC0BA1D3}.Debug|Any CPU.ActiveCfg = Debug|Any CPU
		{BDEB34B8-687D-48DA-A909-6292AC0BA1D3}.Debug|Any CPU.Build.0 = Debug|Any CPU
		{BDEB34B8-687D-48DA-A909-6292AC0BA1D3}.Debug|x64.ActiveCfg = Debug|Any CPU
		{BDEB34B8-687D-48DA-A909-6292AC0BA1D3}.Debug|x64.Build.0 = Debug|Any CPU
		{BDEB34B8-687D-48DA-A909-6292AC0BA1D3}.Debug|x86.ActiveCfg = Debug|Any CPU
		{BDEB34B8-687D-48DA-A909-6292AC0BA1D3}.Debug|x86.Build.0 = Debug|Any CPU
		{BDEB34B8-687D-48DA-A909-6292AC0BA1D3}.Release|Any CPU.ActiveCfg = Release|Any CPU
		{BDEB34B8-687D-48DA-A909-6292AC0BA1D3}.Release|Any CPU.Build.0 = Release|Any CPU
		{BDEB34B8-687D-48DA-A909-6292AC0BA1D3}.Release|x64.ActiveCfg = Release|Any CPU
		{BDEB34B8-687D-48DA-A909-6292AC0BA1D3}.Release|x64.Build.0 = Release|Any CPU
		{BDEB34B8-687D-48DA-A909-6292AC0BA1D3}.Release|x86.ActiveCfg = Release|Any CPU
		{BDEB34B8-687D-48DA-A909-6292AC0BA1D3}.Release|x86.Build.0 = Release|Any CPU
		{8DD1532D-05D1-4101-98C5-A4940458DBDD}.Debug|Any CPU.ActiveCfg = Debug|Any CPU
		{8DD1532D-05D1-4101-98C5-A4940458DBDD}.Debug|Any CPU.Build.0 = Debug|Any CPU
		{8DD1532D-05D1-4101-98C5-A4940458DBDD}.Debug|x64.ActiveCfg = Debug|Any CPU
		{8DD1532D-05D1-4101-98C5-A4940458DBDD}.Debug|x64.Build.0 = Debug|Any CPU
		{8DD1532D-05D1-4101-98C5-A4940458DBDD}.Debug|x86.ActiveCfg = Debug|Any CPU
		{8DD1532D-05D1-4101-98C5-A4940458DBDD}.Debug|x86.Build.0 = Debug|Any CPU
		{8DD1532D-05D1-4101-98C5-A4940458DBDD}.Release|Any CPU.ActiveCfg = Release|Any CPU
		{8DD1532D-05D1-4101-98C5-A4940458DBDD}.Release|Any CPU.Build.0 = Release|Any CPU
		{8DD1532D-05D1-4101-98C5-A4940458DBDD}.Release|x64.ActiveCfg = Release|Any CPU
		{8DD1532D-05D1-4101-98C5-A4940458DBDD}.Release|x64.Build.0 = Release|Any CPU
		{8DD1532D-05D1-4101-98C5-A4940458DBDD}.Release|x86.ActiveCfg = Release|Any CPU
		{8DD1532D-05D1-4101-98C5-A4940458DBDD}.Release|x86.Build.0 = Release|Any CPU
		{BF44CA1E-9F12-42EC-AC47-70560A4F1A71}.Debug|Any CPU.ActiveCfg = Debug|Any CPU
		{BF44CA1E-9F12-42EC-AC47-70560A4F1A71}.Debug|Any CPU.Build.0 = Debug|Any CPU
		{BF44CA1E-9F12-42EC-AC47-70560A4F1A71}.Debug|x64.ActiveCfg = Debug|Any CPU
		{BF44CA1E-9F12-42EC-AC47-70560A4F1A71}.Debug|x64.Build.0 = Debug|Any CPU
		{BF44CA1E-9F12-42EC-AC47-70560A4F1A71}.Debug|x86.ActiveCfg = Debug|Any CPU
		{BF44CA1E-9F12-42EC-AC47-70560A4F1A71}.Debug|x86.Build.0 = Debug|Any CPU
		{BF44CA1E-9F12-42EC-AC47-70560A4F1A71}.Release|Any CPU.ActiveCfg = Release|Any CPU
		{BF44CA1E-9F12-42EC-AC47-70560A4F1A71}.Release|Any CPU.Build.0 = Release|Any CPU
		{BF44CA1E-9F12-42EC-AC47-70560A4F1A71}.Release|x64.ActiveCfg = Release|Any CPU
		{BF44CA1E-9F12-42EC-AC47-70560A4F1A71}.Release|x64.Build.0 = Release|Any CPU
		{BF44CA1E-9F12-42EC-AC47-70560A4F1A71}.Release|x86.ActiveCfg = Release|Any CPU
		{BF44CA1E-9F12-42EC-AC47-70560A4F1A71}.Release|x86.Build.0 = Release|Any CPU
		{DE89CB3E-179C-4A5C-8525-CED236D311FE}.Debug|Any CPU.ActiveCfg = Debug|Any CPU
		{DE89CB3E-179C-4A5C-8525-CED236D311FE}.Debug|Any CPU.Build.0 = Debug|Any CPU
		{DE89CB3E-179C-4A5C-8525-CED236D311FE}.Debug|x64.ActiveCfg = Debug|Any CPU
		{DE89CB3E-179C-4A5C-8525-CED236D311FE}.Debug|x64.Build.0 = Debug|Any CPU
		{DE89CB3E-179C-4A5C-8525-CED236D311FE}.Debug|x86.ActiveCfg = Debug|Any CPU
		{DE89CB3E-179C-4A5C-8525-CED236D311FE}.Debug|x86.Build.0 = Debug|Any CPU
		{DE89CB3E-179C-4A5C-8525-CED236D311FE}.Release|Any CPU.ActiveCfg = Release|Any CPU
		{DE89CB3E-179C-4A5C-8525-CED236D311FE}.Release|Any CPU.Build.0 = Release|Any CPU
		{DE89CB3E-179C-4A5C-8525-CED236D311FE}.Release|x64.ActiveCfg = Release|Any CPU
		{DE89CB3E-179C-4A5C-8525-CED236D311FE}.Release|x64.Build.0 = Release|Any CPU
		{DE89CB3E-179C-4A5C-8525-CED236D311FE}.Release|x86.ActiveCfg = Release|Any CPU
		{DE89CB3E-179C-4A5C-8525-CED236D311FE}.Release|x86.Build.0 = Release|Any CPU
		{13F6FC20-F889-4248-9DA0-277B73B6A9E8}.Debug|Any CPU.ActiveCfg = Debug|Any CPU
		{13F6FC20-F889-4248-9DA0-277B73B6A9E8}.Debug|Any CPU.Build.0 = Debug|Any CPU
		{13F6FC20-F889-4248-9DA0-277B73B6A9E8}.Debug|x64.ActiveCfg = Debug|Any CPU
		{13F6FC20-F889-4248-9DA0-277B73B6A9E8}.Debug|x64.Build.0 = Debug|Any CPU
		{13F6FC20-F889-4248-9DA0-277B73B6A9E8}.Debug|x86.ActiveCfg = Debug|Any CPU
		{13F6FC20-F889-4248-9DA0-277B73B6A9E8}.Debug|x86.Build.0 = Debug|Any CPU
		{13F6FC20-F889-4248-9DA0-277B73B6A9E8}.Release|Any CPU.ActiveCfg = Release|Any CPU
		{13F6FC20-F889-4248-9DA0-277B73B6A9E8}.Release|Any CPU.Build.0 = Release|Any CPU
		{13F6FC20-F889-4248-9DA0-277B73B6A9E8}.Release|x64.ActiveCfg = Release|Any CPU
		{13F6FC20-F889-4248-9DA0-277B73B6A9E8}.Release|x64.Build.0 = Release|Any CPU
		{13F6FC20-F889-4248-9DA0-277B73B6A9E8}.Release|x86.ActiveCfg = Release|Any CPU
		{13F6FC20-F889-4248-9DA0-277B73B6A9E8}.Release|x86.Build.0 = Release|Any CPU
		{9C5603DB-065D-4B62-8D9C-E318EE54521C}.Debug|Any CPU.ActiveCfg = Debug|Any CPU
		{9C5603DB-065D-4B62-8D9C-E318EE54521C}.Debug|Any CPU.Build.0 = Debug|Any CPU
		{9C5603DB-065D-4B62-8D9C-E318EE54521C}.Debug|x64.ActiveCfg = Debug|Any CPU
		{9C5603DB-065D-4B62-8D9C-E318EE54521C}.Debug|x64.Build.0 = Debug|Any CPU
		{9C5603DB-065D-4B62-8D9C-E318EE54521C}.Debug|x86.ActiveCfg = Debug|Any CPU
		{9C5603DB-065D-4B62-8D9C-E318EE54521C}.Debug|x86.Build.0 = Debug|Any CPU
		{9C5603DB-065D-4B62-8D9C-E318EE54521C}.Release|Any CPU.ActiveCfg = Release|Any CPU
		{9C5603DB-065D-4B62-8D9C-E318EE54521C}.Release|Any CPU.Build.0 = Release|Any CPU
		{9C5603DB-065D-4B62-8D9C-E318EE54521C}.Release|x64.ActiveCfg = Release|Any CPU
		{9C5603DB-065D-4B62-8D9C-E318EE54521C}.Release|x64.Build.0 = Release|Any CPU
		{9C5603DB-065D-4B62-8D9C-E318EE54521C}.Release|x86.ActiveCfg = Release|Any CPU
		{9C5603DB-065D-4B62-8D9C-E318EE54521C}.Release|x86.Build.0 = Release|Any CPU
		{051755E3-788F-4E22-A3EC-FE679DAEF6C4}.Debug|Any CPU.ActiveCfg = Debug|Any CPU
		{051755E3-788F-4E22-A3EC-FE679DAEF6C4}.Debug|Any CPU.Build.0 = Debug|Any CPU
		{051755E3-788F-4E22-A3EC-FE679DAEF6C4}.Debug|x64.ActiveCfg = Debug|Any CPU
		{051755E3-788F-4E22-A3EC-FE679DAEF6C4}.Debug|x64.Build.0 = Debug|Any CPU
		{051755E3-788F-4E22-A3EC-FE679DAEF6C4}.Debug|x86.ActiveCfg = Debug|Any CPU
		{051755E3-788F-4E22-A3EC-FE679DAEF6C4}.Debug|x86.Build.0 = Debug|Any CPU
		{051755E3-788F-4E22-A3EC-FE679DAEF6C4}.Release|Any CPU.ActiveCfg = Release|Any CPU
		{051755E3-788F-4E22-A3EC-FE679DAEF6C4}.Release|Any CPU.Build.0 = Release|Any CPU
		{051755E3-788F-4E22-A3EC-FE679DAEF6C4}.Release|x64.ActiveCfg = Release|Any CPU
		{051755E3-788F-4E22-A3EC-FE679DAEF6C4}.Release|x64.Build.0 = Release|Any CPU
		{051755E3-788F-4E22-A3EC-FE679DAEF6C4}.Release|x86.ActiveCfg = Release|Any CPU
		{051755E3-788F-4E22-A3EC-FE679DAEF6C4}.Release|x86.Build.0 = Release|Any CPU
		{D337BA05-B60B-4318-8D52-99A0E322B10F}.Debug|Any CPU.ActiveCfg = Debug|Any CPU
		{D337BA05-B60B-4318-8D52-99A0E322B10F}.Debug|Any CPU.Build.0 = Debug|Any CPU
		{D337BA05-B60B-4318-8D52-99A0E322B10F}.Debug|x64.ActiveCfg = Debug|Any CPU
		{D337BA05-B60B-4318-8D52-99A0E322B10F}.Debug|x64.Build.0 = Debug|Any CPU
		{D337BA05-B60B-4318-8D52-99A0E322B10F}.Debug|x86.ActiveCfg = Debug|Any CPU
		{D337BA05-B60B-4318-8D52-99A0E322B10F}.Debug|x86.Build.0 = Debug|Any CPU
		{D337BA05-B60B-4318-8D52-99A0E322B10F}.Release|Any CPU.ActiveCfg = Release|Any CPU
		{D337BA05-B60B-4318-8D52-99A0E322B10F}.Release|Any CPU.Build.0 = Release|Any CPU
		{D337BA05-B60B-4318-8D52-99A0E322B10F}.Release|x64.ActiveCfg = Release|Any CPU
		{D337BA05-B60B-4318-8D52-99A0E322B10F}.Release|x64.Build.0 = Release|Any CPU
		{D337BA05-B60B-4318-8D52-99A0E322B10F}.Release|x86.ActiveCfg = Release|Any CPU
		{D337BA05-B60B-4318-8D52-99A0E322B10F}.Release|x86.Build.0 = Release|Any CPU
		{616B83D7-A98B-4A65-A37D-225B5D1B6BA8}.Debug|Any CPU.ActiveCfg = Debug|Any CPU
		{616B83D7-A98B-4A65-A37D-225B5D1B6BA8}.Debug|Any CPU.Build.0 = Debug|Any CPU
		{616B83D7-A98B-4A65-A37D-225B5D1B6BA8}.Debug|x64.ActiveCfg = Debug|Any CPU
		{616B83D7-A98B-4A65-A37D-225B5D1B6BA8}.Debug|x64.Build.0 = Debug|Any CPU
		{616B83D7-A98B-4A65-A37D-225B5D1B6BA8}.Debug|x86.ActiveCfg = Debug|Any CPU
		{616B83D7-A98B-4A65-A37D-225B5D1B6BA8}.Debug|x86.Build.0 = Debug|Any CPU
		{616B83D7-A98B-4A65-A37D-225B5D1B6BA8}.Release|Any CPU.ActiveCfg = Release|Any CPU
		{616B83D7-A98B-4A65-A37D-225B5D1B6BA8}.Release|Any CPU.Build.0 = Release|Any CPU
		{616B83D7-A98B-4A65-A37D-225B5D1B6BA8}.Release|x64.ActiveCfg = Release|Any CPU
		{616B83D7-A98B-4A65-A37D-225B5D1B6BA8}.Release|x64.Build.0 = Release|Any CPU
		{616B83D7-A98B-4A65-A37D-225B5D1B6BA8}.Release|x86.ActiveCfg = Release|Any CPU
		{616B83D7-A98B-4A65-A37D-225B5D1B6BA8}.Release|x86.Build.0 = Release|Any CPU
		{A8675924-F233-4D91-B769-4B2D9F91BD49}.Debug|Any CPU.ActiveCfg = Debug|Any CPU
		{A8675924-F233-4D91-B769-4B2D9F91BD49}.Debug|Any CPU.Build.0 = Debug|Any CPU
		{A8675924-F233-4D91-B769-4B2D9F91BD49}.Debug|x64.ActiveCfg = Debug|Any CPU
		{A8675924-F233-4D91-B769-4B2D9F91BD49}.Debug|x64.Build.0 = Debug|Any CPU
		{A8675924-F233-4D91-B769-4B2D9F91BD49}.Debug|x86.ActiveCfg = Debug|Any CPU
		{A8675924-F233-4D91-B769-4B2D9F91BD49}.Debug|x86.Build.0 = Debug|Any CPU
		{A8675924-F233-4D91-B769-4B2D9F91BD49}.Release|Any CPU.ActiveCfg = Release|Any CPU
		{A8675924-F233-4D91-B769-4B2D9F91BD49}.Release|Any CPU.Build.0 = Release|Any CPU
		{A8675924-F233-4D91-B769-4B2D9F91BD49}.Release|x64.ActiveCfg = Release|Any CPU
		{A8675924-F233-4D91-B769-4B2D9F91BD49}.Release|x64.Build.0 = Release|Any CPU
		{A8675924-F233-4D91-B769-4B2D9F91BD49}.Release|x86.ActiveCfg = Release|Any CPU
		{A8675924-F233-4D91-B769-4B2D9F91BD49}.Release|x86.Build.0 = Release|Any CPU
		{EBD0632D-0B26-4979-98EF-DCE518524C90}.Debug|Any CPU.ActiveCfg = Debug|Any CPU
		{EBD0632D-0B26-4979-98EF-DCE518524C90}.Debug|Any CPU.Build.0 = Debug|Any CPU
		{EBD0632D-0B26-4979-98EF-DCE518524C90}.Debug|x64.ActiveCfg = Debug|Any CPU
		{EBD0632D-0B26-4979-98EF-DCE518524C90}.Debug|x64.Build.0 = Debug|Any CPU
		{EBD0632D-0B26-4979-98EF-DCE518524C90}.Debug|x86.ActiveCfg = Debug|Any CPU
		{EBD0632D-0B26-4979-98EF-DCE518524C90}.Debug|x86.Build.0 = Debug|Any CPU
		{EBD0632D-0B26-4979-98EF-DCE518524C90}.Release|Any CPU.ActiveCfg = Release|Any CPU
		{EBD0632D-0B26-4979-98EF-DCE518524C90}.Release|Any CPU.Build.0 = Release|Any CPU
		{EBD0632D-0B26-4979-98EF-DCE518524C90}.Release|x64.ActiveCfg = Release|Any CPU
		{EBD0632D-0B26-4979-98EF-DCE518524C90}.Release|x64.Build.0 = Release|Any CPU
		{EBD0632D-0B26-4979-98EF-DCE518524C90}.Release|x86.ActiveCfg = Release|Any CPU
		{EBD0632D-0B26-4979-98EF-DCE518524C90}.Release|x86.Build.0 = Release|Any CPU
		{D475D1A9-17C8-4FB0-B3BE-3713449D9BD5}.Debug|Any CPU.ActiveCfg = Debug|Any CPU
		{D475D1A9-17C8-4FB0-B3BE-3713449D9BD5}.Debug|Any CPU.Build.0 = Debug|Any CPU
		{D475D1A9-17C8-4FB0-B3BE-3713449D9BD5}.Debug|x64.ActiveCfg = Debug|Any CPU
		{D475D1A9-17C8-4FB0-B3BE-3713449D9BD5}.Debug|x64.Build.0 = Debug|Any CPU
		{D475D1A9-17C8-4FB0-B3BE-3713449D9BD5}.Debug|x86.ActiveCfg = Debug|Any CPU
		{D475D1A9-17C8-4FB0-B3BE-3713449D9BD5}.Debug|x86.Build.0 = Debug|Any CPU
		{D475D1A9-17C8-4FB0-B3BE-3713449D9BD5}.Release|Any CPU.ActiveCfg = Release|Any CPU
		{D475D1A9-17C8-4FB0-B3BE-3713449D9BD5}.Release|Any CPU.Build.0 = Release|Any CPU
		{D475D1A9-17C8-4FB0-B3BE-3713449D9BD5}.Release|x64.ActiveCfg = Release|Any CPU
		{D475D1A9-17C8-4FB0-B3BE-3713449D9BD5}.Release|x64.Build.0 = Release|Any CPU
		{D475D1A9-17C8-4FB0-B3BE-3713449D9BD5}.Release|x86.ActiveCfg = Release|Any CPU
		{D475D1A9-17C8-4FB0-B3BE-3713449D9BD5}.Release|x86.Build.0 = Release|Any CPU
		{1B743BCE-D948-4E6D-90C6-8C8699F60F77}.Debug|Any CPU.ActiveCfg = Debug|Any CPU
		{1B743BCE-D948-4E6D-90C6-8C8699F60F77}.Debug|Any CPU.Build.0 = Debug|Any CPU
		{1B743BCE-D948-4E6D-90C6-8C8699F60F77}.Debug|x64.ActiveCfg = Debug|Any CPU
		{1B743BCE-D948-4E6D-90C6-8C8699F60F77}.Debug|x64.Build.0 = Debug|Any CPU
		{1B743BCE-D948-4E6D-90C6-8C8699F60F77}.Debug|x86.ActiveCfg = Debug|Any CPU
		{1B743BCE-D948-4E6D-90C6-8C8699F60F77}.Debug|x86.Build.0 = Debug|Any CPU
		{1B743BCE-D948-4E6D-90C6-8C8699F60F77}.Release|Any CPU.ActiveCfg = Release|Any CPU
		{1B743BCE-D948-4E6D-90C6-8C8699F60F77}.Release|Any CPU.Build.0 = Release|Any CPU
		{1B743BCE-D948-4E6D-90C6-8C8699F60F77}.Release|x64.ActiveCfg = Release|Any CPU
		{1B743BCE-D948-4E6D-90C6-8C8699F60F77}.Release|x64.Build.0 = Release|Any CPU
		{1B743BCE-D948-4E6D-90C6-8C8699F60F77}.Release|x86.ActiveCfg = Release|Any CPU
		{1B743BCE-D948-4E6D-90C6-8C8699F60F77}.Release|x86.Build.0 = Release|Any CPU
		{6C21106E-A998-4D2E-8BA8-2A0E7A808A5C}.Debug|Any CPU.ActiveCfg = Debug|Any CPU
		{6C21106E-A998-4D2E-8BA8-2A0E7A808A5C}.Debug|Any CPU.Build.0 = Debug|Any CPU
		{6C21106E-A998-4D2E-8BA8-2A0E7A808A5C}.Debug|x64.ActiveCfg = Debug|Any CPU
		{6C21106E-A998-4D2E-8BA8-2A0E7A808A5C}.Debug|x64.Build.0 = Debug|Any CPU
		{6C21106E-A998-4D2E-8BA8-2A0E7A808A5C}.Debug|x86.ActiveCfg = Debug|Any CPU
		{6C21106E-A998-4D2E-8BA8-2A0E7A808A5C}.Debug|x86.Build.0 = Debug|Any CPU
		{6C21106E-A998-4D2E-8BA8-2A0E7A808A5C}.Release|Any CPU.ActiveCfg = Release|Any CPU
		{6C21106E-A998-4D2E-8BA8-2A0E7A808A5C}.Release|Any CPU.Build.0 = Release|Any CPU
		{6C21106E-A998-4D2E-8BA8-2A0E7A808A5C}.Release|x64.ActiveCfg = Release|Any CPU
		{6C21106E-A998-4D2E-8BA8-2A0E7A808A5C}.Release|x64.Build.0 = Release|Any CPU
		{6C21106E-A998-4D2E-8BA8-2A0E7A808A5C}.Release|x86.ActiveCfg = Release|Any CPU
		{6C21106E-A998-4D2E-8BA8-2A0E7A808A5C}.Release|x86.Build.0 = Release|Any CPU
		{A14BF592-B60A-4849-B23D-F3853A77847B}.Debug|Any CPU.ActiveCfg = Debug|Any CPU
		{A14BF592-B60A-4849-B23D-F3853A77847B}.Debug|Any CPU.Build.0 = Debug|Any CPU
		{A14BF592-B60A-4849-B23D-F3853A77847B}.Debug|x64.ActiveCfg = Debug|Any CPU
		{A14BF592-B60A-4849-B23D-F3853A77847B}.Debug|x64.Build.0 = Debug|Any CPU
		{A14BF592-B60A-4849-B23D-F3853A77847B}.Debug|x86.ActiveCfg = Debug|Any CPU
		{A14BF592-B60A-4849-B23D-F3853A77847B}.Debug|x86.Build.0 = Debug|Any CPU
		{A14BF592-B60A-4849-B23D-F3853A77847B}.Release|Any CPU.ActiveCfg = Release|Any CPU
		{A14BF592-B60A-4849-B23D-F3853A77847B}.Release|Any CPU.Build.0 = Release|Any CPU
		{A14BF592-B60A-4849-B23D-F3853A77847B}.Release|x64.ActiveCfg = Release|Any CPU
		{A14BF592-B60A-4849-B23D-F3853A77847B}.Release|x64.Build.0 = Release|Any CPU
		{A14BF592-B60A-4849-B23D-F3853A77847B}.Release|x86.ActiveCfg = Release|Any CPU
		{A14BF592-B60A-4849-B23D-F3853A77847B}.Release|x86.Build.0 = Release|Any CPU
	EndGlobalSection
	GlobalSection(SolutionProperties) = preSolution
		HideSolutionNode = FALSE
	EndGlobalSection
	GlobalSection(ExtensibilityGlobals) = postSolution
		SolutionGuid = {9C6A0F9A-2C6D-4453-8200-27E7E54334B1}
	EndGlobalSection
EndGlobal
