
Microsoft Visual Studio Solution File, Format Version 12.00
# Visual Studio 15
VisualStudioVersion = 15.0.28307.1705
MinimumVisualStudioVersion = 10.0.40219.1
Project("{FAE04EC0-301F-11D3-BF4B-00C04F79EFBC}") = "008_ConsoleWriteMulti", "008_ConsoleWriteMulti\008_ConsoleWriteMulti.csproj", "{AC5769E2-4498-4916-9606-46BDA0DF52A5}"
EndProject
Project("{FAE04EC0-301F-11D3-BF4B-00C04F79EFBC}") = "009_VariablesAndWrite", "009_VariablesAndWrite\009_VariablesAndWrite.csproj", "{96D2D749-703A-478D-9782-8ACB2CA29E0C}"
EndProject
Project("{FAE04EC0-301F-11D3-BF4B-00C04F79EFBC}") = "010_ConsoleFormat", "010_ConsoleFormat\010_ConsoleFormat.csproj", "{D3CD315B-A1AB-4630-96EF-62B0C15B1E2B}"
EndProject
Project("{FAE04EC0-301F-11D3-BF4B-00C04F79EFBC}") = "011_FormatSpecifier", "011_FormatSpecifier\011_FormatSpecifier.csproj", "{90F58CD9-EC21-4EDF-9F31-63033C43F5F0}"
EndProject
Project("{FAE04EC0-301F-11D3-BF4B-00C04F79EFBC}") = "012_FloatDoubleDecimal", "012_FloatDoubleDecimal\012_FloatDoubleDecimal.csproj", "{C4A072A7-7537-438E-9ECD-7E3CE6FD6F39}"
EndProject
Project("{FAE04EC0-301F-11D3-BF4B-00C04F79EFBC}") = "013_TypeConversion", "013_TypeConversion\013_TypeConversion.csproj", "{532916DD-1E8E-4215-9B5F-6F0219F0DECE}"
EndProject
Project("{FAE04EC0-301F-11D3-BF4B-00C04F79EFBC}") = "014_StringToNumber", "014_StringToNumber\014_StringToNumber.csproj", "{544A3FBD-AD29-4045-9663-D90C5DC825FB}"
EndProject
Project("{FAE04EC0-301F-11D3-BF4B-00C04F79EFBC}") = "015_Convert", "015_Convert\015_Convert.csproj", "{E3357670-0FDA-467D-98AE-9BF758401401}"
EndProject
Project("{FAE04EC0-301F-11D3-BF4B-00C04F79EFBC}") = "016_Operators", "016_Operators\016_Operators.csproj", "{2ECE64D5-2A67-4E43-B513-F2556BC5FB49}"
EndProject
Project("{FAE04EC0-301F-11D3-BF4B-00C04F79EFBC}") = "017_ArithmeticOperators", "17_ArithmeticOperators\017_ArithmeticOperators.csproj", "{65CE12F8-C341-4620-952A-CDEEA3613622}"
EndProject
Project("{FAE04EC0-301F-11D3-BF4B-00C04F79EFBC}") = "018_DivideByZero", "18_DivideByZero\018_DivideByZero.csproj", "{429ADB37-7FF7-4AB3-9929-C5E257BD618C}"
EndProject
Project("{FAE04EC0-301F-11D3-BF4B-00C04F79EFBC}") = "019_Overflow", "19_Overflow\019_Overflow.csproj", "{E1C01EC0-8163-4DCF-A569-2F164D303CEE}"
EndProject
Project("{FAE04EC0-301F-11D3-BF4B-00C04F79EFBC}") = "020_RealationalOperator", "20_RealationalOperator\020_RealationalOperator.csproj", "{BB7A7B9C-E116-4985-999E-18410B7AEFBF}"
EndProject
Project("{FAE04EC0-301F-11D3-BF4B-00C04F79EFBC}") = "021_LogicalOperators", "21_LogicalOperators\021_LogicalOperators.csproj", "{A5F2C117-2D7A-47E7-964D-0CE22DD455DC}"
EndProject
Project("{FAE04EC0-301F-11D3-BF4B-00C04F79EFBC}") = "022_BitwiseOperators", "22_BitwiseOperators\022_BitwiseOperators.csproj", "{62FFC1D1-1AAF-4228-A9E1-E0EAEB80CD22}"
EndProject
Project("{FAE04EC0-301F-11D3-BF4B-00C04F79EFBC}") = "023_ConditionalOperator", "23_ConditionalOperator\023_ConditionalOperator.csproj", "{E33675B2-5FB2-4EB5-AE14-3D4644D8FDF1}"
EndProject
Project("{FAE04EC0-301F-11D3-BF4B-00C04F79EFBC}") = "024_CompoundAssignment", "24_CompoundAssignment\024_CompoundAssignment.csproj", "{580829DE-AD36-429F-A26D-07F810957F3E}"
EndProject
Project("{FAE04EC0-301F-11D3-BF4B-00C04F79EFBC}") = "025_StringMethods", "25_StringMethods\025_StringMethods.csproj", "{709AFDA4-079B-492D-ABFD-0B7911C88D2B}"
EndProject
Project("{FAE04EC0-301F-11D3-BF4B-00C04F79EFBC}") = "026_SplitMethod", "026_SplitMethod\026_SplitMethod.csproj", "{B84973C9-34FE-420D-B400-D1C02D74FD4D}"
EndProject
Project("{FAE04EC0-301F-11D3-BF4B-00C04F79EFBC}") = "027_StringConcat", "027_StringConcat\027_StringConcat.csproj", "{339D1019-98DD-448D-98D5-CC447668F14F}"
EndProject
Project("{FAE04EC0-301F-11D3-BF4B-00C04F79EFBC}") = "028_StringContains", "028_StringContains\028_StringContains.csproj", "{C0CFCF52-834D-46CF-992C-340825782EF1}"
EndProject
Project("{FAE04EC0-301F-11D3-BF4B-00C04F79EFBC}") = "029_StringFormat", "029_StringFormat\029_StringFormat.csproj", "{94C19889-EB87-4AF2-9200-87BD0FA41BF6}"
EndProject
Project("{FAE04EC0-301F-11D3-BF4B-00C04F79EFBC}") = "030_GruopSeparator", "030_GruopSeparator\030_GruopSeparator.csproj", "{C6DF2B83-2CD9-46F2-A993-3A824A2938F8}"
EndProject
Project("{FAE04EC0-301F-11D3-BF4B-00C04F79EFBC}") = "031_StringBuilder", "031_StringBuilder\031_StringBuilder.csproj", "{A6F815D7-2284-4ACD-B2F4-BB54DAAE2117}"
EndProject
Project("{FAE04EC0-301F-11D3-BF4B-00C04F79EFBC}") = "032_Enum", "032_Enum\032_Enum.csproj", "{BC63005E-30B4-4D78-AD15-966E0CE8EF0C}"
EndProject
Project("{FAE04EC0-301F-11D3-BF4B-00C04F79EFBC}") = "033_ConstAndReadonly", "033_ConstAndReadonly\033_ConstAndReadonly.csproj", "{812F7AEB-57EF-4CAD-9340-139FE4209720}"
EndProject
Project("{FAE04EC0-301F-11D3-BF4B-00C04F79EFBC}") = "034_ValueAndReference", "034_ValueAndReference\034_ValueAndReference.csproj", "{20A591B2-8480-40F6-9459-AF5683CEF4BC}"
EndProject
Project("{FAE04EC0-301F-11D3-BF4B-00C04F79EFBC}") = "035_PassingArrayAndObject", "035_PassingArrayAndObject\035_PassingArrayAndObject.csproj", "{AEEFF539-5E51-4EB5-81AC-ADCD13862E5A}"
EndProject
Project("{FAE04EC0-301F-11D3-BF4B-00C04F79EFBC}") = "036_NullConditionalOperator", "036_NullConditionalOperator\036_NullConditionalOperator.csproj", "{3DD6E6CA-4D82-4E46-80A7-365966426147}"
EndProject
Project("{FAE04EC0-301F-11D3-BF4B-00C04F79EFBC}") = "037_Default", "037_Default\037_Default.csproj", "{CBB322DC-F610-452A-BDD3-3F02EEAFB41B}"
EndProject
Project("{FAE04EC0-301F-11D3-BF4B-00C04F79EFBC}") = "038_Nullable", "038_Nullable\038_Nullable.csproj", "{D1CDB32C-8AE9-4C95-ABEB-034354993A15}"
EndProject
Project("{FAE04EC0-301F-11D3-BF4B-00C04F79EFBC}") = "039_Object", "039_Object\039_Object.csproj", "{E7F6C48F-B3B2-4375-8CBD-4961DF31B00F}"
EndProject
Project("{FAE04EC0-301F-11D3-BF4B-00C04F79EFBC}") = "040_LeapYear", "040_LeapYear\040_LeapYear.csproj", "{C6E710AE-87C1-47AE-98EB-28B8F17EF3BB}"
EndProject
Project("{FAE04EC0-301F-11D3-BF4B-00C04F79EFBC}") = "041_Grading", "041_Grading\041_Grading.csproj", "{004A06CB-4976-427C-A44A-48A650B928DA}"
EndProject
Project("{FAE04EC0-301F-11D3-BF4B-00C04F79EFBC}") = "042_BMI", "042_BMI\042_BMI.csproj", "{8B794DED-F691-490B-8321-AFD927C1B025}"
EndProject
Project("{FAE04EC0-301F-11D3-BF4B-00C04F79EFBC}") = "043_Loop", "043_Loop\043_Loop.csproj", "{9F59DFC5-4668-46BE-858D-AEF4219C6EC6}"
EndProject
Project("{FAE04EC0-301F-11D3-BF4B-00C04F79EFBC}") = "044_NumberSystem", "044_NumberSystem\044_NumberSystem.csproj", "{D83CF16C-480A-4257-9107-7FB1186F029C}"
EndProject
Project("{FAE04EC0-301F-11D3-BF4B-00C04F79EFBC}") = "045_MultiplicationTable", "045_MultiplicationTable\045_MultiplicationTable.csproj", "{820846E3-63C9-4AEB-8D53-027A6644B8B9}"
EndProject
Project("{FAE04EC0-301F-11D3-BF4B-00C04F79EFBC}") = "046_MinMax", "046_MinMax\046_MinMax.csproj", "{E1F2C462-12D1-4629-A1CB-EDD2F021C218}"
EndProject
Project("{FAE04EC0-301F-11D3-BF4B-00C04F79EFBC}") = "047_Power", "047_Power\047_Power.csproj", "{61CBBE50-2EC0-41CF-86AF-67AB9DCE5ED8}"
EndProject
Project("{FAE04EC0-301F-11D3-BF4B-00C04F79EFBC}") = "048_Factorial", "048_Factorial\048_Factorial.csproj", "{A2956B14-4FC0-4020-951C-E6A96F760A9C}"
EndProject
Project("{FAE04EC0-301F-11D3-BF4B-00C04F79EFBC}") = "049_PrimeNumber", "049_PrimeNumber\049_PrimeNumber.csproj", "{1C226F0A-DA95-43D4-939E-99406A63C6EE}"
EndProject
Project("{FAE04EC0-301F-11D3-BF4B-00C04F79EFBC}") = "050_FindingPI", "50_FindingPI\050_FindingPI.csproj", "{96D3BB31-CDCA-410E-A630-F7519598A3DE}"
EndProject
Project("{FAE04EC0-301F-11D3-BF4B-00C04F79EFBC}") = "051_InfiniteLoop", "051_InfiniteLoop\051_InfiniteLoop.csproj", "{D9EFE9B3-F1FB-4315-A92A-117F4ED92F59}"
EndProject
Project("{FAE04EC0-301F-11D3-BF4B-00C04F79EFBC}") = "052_UsingBreak", "052_UsingBreak\052_UsingBreak.csproj", "{5A28EB8C-FE54-4FE7-ABC7-F01C589B9DF9}"
EndProject
Project("{FAE04EC0-301F-11D3-BF4B-00C04F79EFBC}") = "053_SumOfFactorials", "053_SumOfFactorials\053_SumOfFactorials.csproj", "{85F90442-425E-416E-8496-F7A49964C9B0}"
EndProject
Project("{FAE04EC0-301F-11D3-BF4B-00C04F79EFBC}") = "054_TimesTable", "054_TimesTable\054_TimesTable.csproj", "{48463747-6D56-4FDA-A0B8-3248950DF32A}"
EndProject
Project("{FAE04EC0-301F-11D3-BF4B-00C04F79EFBC}") = "055_PrimeNumbers", "055_PrimeNumbers\055_PrimeNumbers.csproj", "{6178EF8E-54D0-4C6A-97E3-6F31237C2CB6}"
EndProject
Project("{FAE04EC0-301F-11D3-BF4B-00C04F79EFBC}") = "056_LoopPyramid", "056_LoopPyramid\056_LoopPyramid.csproj", "{A5DBEDE7-31F5-4967-B020-498E9BAF8D05}"
EndProject
Global
	GlobalSection(SolutionConfigurationPlatforms) = preSolution
		Debug|Any CPU = Debug|Any CPU
		Release|Any CPU = Release|Any CPU
	EndGlobalSection
	GlobalSection(ProjectConfigurationPlatforms) = postSolution
		{AC5769E2-4498-4916-9606-46BDA0DF52A5}.Debug|Any CPU.ActiveCfg = Debug|Any CPU
		{AC5769E2-4498-4916-9606-46BDA0DF52A5}.Debug|Any CPU.Build.0 = Debug|Any CPU
		{AC5769E2-4498-4916-9606-46BDA0DF52A5}.Release|Any CPU.ActiveCfg = Release|Any CPU
		{AC5769E2-4498-4916-9606-46BDA0DF52A5}.Release|Any CPU.Build.0 = Release|Any CPU
		{96D2D749-703A-478D-9782-8ACB2CA29E0C}.Debug|Any CPU.ActiveCfg = Debug|Any CPU
		{96D2D749-703A-478D-9782-8ACB2CA29E0C}.Debug|Any CPU.Build.0 = Debug|Any CPU
		{96D2D749-703A-478D-9782-8ACB2CA29E0C}.Release|Any CPU.ActiveCfg = Release|Any CPU
		{96D2D749-703A-478D-9782-8ACB2CA29E0C}.Release|Any CPU.Build.0 = Release|Any CPU
		{D3CD315B-A1AB-4630-96EF-62B0C15B1E2B}.Debug|Any CPU.ActiveCfg = Debug|Any CPU
		{D3CD315B-A1AB-4630-96EF-62B0C15B1E2B}.Debug|Any CPU.Build.0 = Debug|Any CPU
		{D3CD315B-A1AB-4630-96EF-62B0C15B1E2B}.Release|Any CPU.ActiveCfg = Release|Any CPU
		{D3CD315B-A1AB-4630-96EF-62B0C15B1E2B}.Release|Any CPU.Build.0 = Release|Any CPU
		{90F58CD9-EC21-4EDF-9F31-63033C43F5F0}.Debug|Any CPU.ActiveCfg = Debug|Any CPU
		{90F58CD9-EC21-4EDF-9F31-63033C43F5F0}.Debug|Any CPU.Build.0 = Debug|Any CPU
		{90F58CD9-EC21-4EDF-9F31-63033C43F5F0}.Release|Any CPU.ActiveCfg = Release|Any CPU
		{90F58CD9-EC21-4EDF-9F31-63033C43F5F0}.Release|Any CPU.Build.0 = Release|Any CPU
		{C4A072A7-7537-438E-9ECD-7E3CE6FD6F39}.Debug|Any CPU.ActiveCfg = Debug|Any CPU
		{C4A072A7-7537-438E-9ECD-7E3CE6FD6F39}.Debug|Any CPU.Build.0 = Debug|Any CPU
		{C4A072A7-7537-438E-9ECD-7E3CE6FD6F39}.Release|Any CPU.ActiveCfg = Release|Any CPU
		{C4A072A7-7537-438E-9ECD-7E3CE6FD6F39}.Release|Any CPU.Build.0 = Release|Any CPU
		{532916DD-1E8E-4215-9B5F-6F0219F0DECE}.Debug|Any CPU.ActiveCfg = Debug|Any CPU
		{532916DD-1E8E-4215-9B5F-6F0219F0DECE}.Debug|Any CPU.Build.0 = Debug|Any CPU
		{532916DD-1E8E-4215-9B5F-6F0219F0DECE}.Release|Any CPU.ActiveCfg = Release|Any CPU
		{532916DD-1E8E-4215-9B5F-6F0219F0DECE}.Release|Any CPU.Build.0 = Release|Any CPU
		{544A3FBD-AD29-4045-9663-D90C5DC825FB}.Debug|Any CPU.ActiveCfg = Debug|Any CPU
		{544A3FBD-AD29-4045-9663-D90C5DC825FB}.Debug|Any CPU.Build.0 = Debug|Any CPU
		{544A3FBD-AD29-4045-9663-D90C5DC825FB}.Release|Any CPU.ActiveCfg = Release|Any CPU
		{544A3FBD-AD29-4045-9663-D90C5DC825FB}.Release|Any CPU.Build.0 = Release|Any CPU
		{E3357670-0FDA-467D-98AE-9BF758401401}.Debug|Any CPU.ActiveCfg = Debug|Any CPU
		{E3357670-0FDA-467D-98AE-9BF758401401}.Debug|Any CPU.Build.0 = Debug|Any CPU
		{E3357670-0FDA-467D-98AE-9BF758401401}.Release|Any CPU.ActiveCfg = Release|Any CPU
		{E3357670-0FDA-467D-98AE-9BF758401401}.Release|Any CPU.Build.0 = Release|Any CPU
		{2ECE64D5-2A67-4E43-B513-F2556BC5FB49}.Debug|Any CPU.ActiveCfg = Debug|Any CPU
		{2ECE64D5-2A67-4E43-B513-F2556BC5FB49}.Debug|Any CPU.Build.0 = Debug|Any CPU
		{2ECE64D5-2A67-4E43-B513-F2556BC5FB49}.Release|Any CPU.ActiveCfg = Release|Any CPU
		{2ECE64D5-2A67-4E43-B513-F2556BC5FB49}.Release|Any CPU.Build.0 = Release|Any CPU
		{65CE12F8-C341-4620-952A-CDEEA3613622}.Debug|Any CPU.ActiveCfg = Debug|Any CPU
		{65CE12F8-C341-4620-952A-CDEEA3613622}.Debug|Any CPU.Build.0 = Debug|Any CPU
		{65CE12F8-C341-4620-952A-CDEEA3613622}.Release|Any CPU.ActiveCfg = Release|Any CPU
		{65CE12F8-C341-4620-952A-CDEEA3613622}.Release|Any CPU.Build.0 = Release|Any CPU
		{429ADB37-7FF7-4AB3-9929-C5E257BD618C}.Debug|Any CPU.ActiveCfg = Debug|Any CPU
		{429ADB37-7FF7-4AB3-9929-C5E257BD618C}.Debug|Any CPU.Build.0 = Debug|Any CPU
		{429ADB37-7FF7-4AB3-9929-C5E257BD618C}.Release|Any CPU.ActiveCfg = Release|Any CPU
		{429ADB37-7FF7-4AB3-9929-C5E257BD618C}.Release|Any CPU.Build.0 = Release|Any CPU
		{E1C01EC0-8163-4DCF-A569-2F164D303CEE}.Debug|Any CPU.ActiveCfg = Debug|Any CPU
		{E1C01EC0-8163-4DCF-A569-2F164D303CEE}.Debug|Any CPU.Build.0 = Debug|Any CPU
		{E1C01EC0-8163-4DCF-A569-2F164D303CEE}.Release|Any CPU.ActiveCfg = Release|Any CPU
		{E1C01EC0-8163-4DCF-A569-2F164D303CEE}.Release|Any CPU.Build.0 = Release|Any CPU
		{BB7A7B9C-E116-4985-999E-18410B7AEFBF}.Debug|Any CPU.ActiveCfg = Debug|Any CPU
		{BB7A7B9C-E116-4985-999E-18410B7AEFBF}.Debug|Any CPU.Build.0 = Debug|Any CPU
		{BB7A7B9C-E116-4985-999E-18410B7AEFBF}.Release|Any CPU.ActiveCfg = Release|Any CPU
		{BB7A7B9C-E116-4985-999E-18410B7AEFBF}.Release|Any CPU.Build.0 = Release|Any CPU
		{A5F2C117-2D7A-47E7-964D-0CE22DD455DC}.Debug|Any CPU.ActiveCfg = Debug|Any CPU
		{A5F2C117-2D7A-47E7-964D-0CE22DD455DC}.Debug|Any CPU.Build.0 = Debug|Any CPU
		{A5F2C117-2D7A-47E7-964D-0CE22DD455DC}.Release|Any CPU.ActiveCfg = Release|Any CPU
		{A5F2C117-2D7A-47E7-964D-0CE22DD455DC}.Release|Any CPU.Build.0 = Release|Any CPU
		{62FFC1D1-1AAF-4228-A9E1-E0EAEB80CD22}.Debug|Any CPU.ActiveCfg = Debug|Any CPU
		{62FFC1D1-1AAF-4228-A9E1-E0EAEB80CD22}.Debug|Any CPU.Build.0 = Debug|Any CPU
		{62FFC1D1-1AAF-4228-A9E1-E0EAEB80CD22}.Release|Any CPU.ActiveCfg = Release|Any CPU
		{62FFC1D1-1AAF-4228-A9E1-E0EAEB80CD22}.Release|Any CPU.Build.0 = Release|Any CPU
		{E33675B2-5FB2-4EB5-AE14-3D4644D8FDF1}.Debug|Any CPU.ActiveCfg = Debug|Any CPU
		{E33675B2-5FB2-4EB5-AE14-3D4644D8FDF1}.Debug|Any CPU.Build.0 = Debug|Any CPU
		{E33675B2-5FB2-4EB5-AE14-3D4644D8FDF1}.Release|Any CPU.ActiveCfg = Release|Any CPU
		{E33675B2-5FB2-4EB5-AE14-3D4644D8FDF1}.Release|Any CPU.Build.0 = Release|Any CPU
		{580829DE-AD36-429F-A26D-07F810957F3E}.Debug|Any CPU.ActiveCfg = Debug|Any CPU
		{580829DE-AD36-429F-A26D-07F810957F3E}.Debug|Any CPU.Build.0 = Debug|Any CPU
		{580829DE-AD36-429F-A26D-07F810957F3E}.Release|Any CPU.ActiveCfg = Release|Any CPU
		{580829DE-AD36-429F-A26D-07F810957F3E}.Release|Any CPU.Build.0 = Release|Any CPU
		{709AFDA4-079B-492D-ABFD-0B7911C88D2B}.Debug|Any CPU.ActiveCfg = Debug|Any CPU
		{709AFDA4-079B-492D-ABFD-0B7911C88D2B}.Debug|Any CPU.Build.0 = Debug|Any CPU
		{709AFDA4-079B-492D-ABFD-0B7911C88D2B}.Release|Any CPU.ActiveCfg = Release|Any CPU
		{709AFDA4-079B-492D-ABFD-0B7911C88D2B}.Release|Any CPU.Build.0 = Release|Any CPU
		{B84973C9-34FE-420D-B400-D1C02D74FD4D}.Debug|Any CPU.ActiveCfg = Debug|Any CPU
		{B84973C9-34FE-420D-B400-D1C02D74FD4D}.Debug|Any CPU.Build.0 = Debug|Any CPU
		{B84973C9-34FE-420D-B400-D1C02D74FD4D}.Release|Any CPU.ActiveCfg = Release|Any CPU
		{B84973C9-34FE-420D-B400-D1C02D74FD4D}.Release|Any CPU.Build.0 = Release|Any CPU
		{339D1019-98DD-448D-98D5-CC447668F14F}.Debug|Any CPU.ActiveCfg = Debug|Any CPU
		{339D1019-98DD-448D-98D5-CC447668F14F}.Debug|Any CPU.Build.0 = Debug|Any CPU
		{339D1019-98DD-448D-98D5-CC447668F14F}.Release|Any CPU.ActiveCfg = Release|Any CPU
		{339D1019-98DD-448D-98D5-CC447668F14F}.Release|Any CPU.Build.0 = Release|Any CPU
		{C0CFCF52-834D-46CF-992C-340825782EF1}.Debug|Any CPU.ActiveCfg = Debug|Any CPU
		{C0CFCF52-834D-46CF-992C-340825782EF1}.Debug|Any CPU.Build.0 = Debug|Any CPU
		{C0CFCF52-834D-46CF-992C-340825782EF1}.Release|Any CPU.ActiveCfg = Release|Any CPU
		{C0CFCF52-834D-46CF-992C-340825782EF1}.Release|Any CPU.Build.0 = Release|Any CPU
		{94C19889-EB87-4AF2-9200-87BD0FA41BF6}.Debug|Any CPU.ActiveCfg = Debug|Any CPU
		{94C19889-EB87-4AF2-9200-87BD0FA41BF6}.Debug|Any CPU.Build.0 = Debug|Any CPU
		{94C19889-EB87-4AF2-9200-87BD0FA41BF6}.Release|Any CPU.ActiveCfg = Release|Any CPU
		{94C19889-EB87-4AF2-9200-87BD0FA41BF6}.Release|Any CPU.Build.0 = Release|Any CPU
		{C6DF2B83-2CD9-46F2-A993-3A824A2938F8}.Debug|Any CPU.ActiveCfg = Debug|Any CPU
		{C6DF2B83-2CD9-46F2-A993-3A824A2938F8}.Debug|Any CPU.Build.0 = Debug|Any CPU
		{C6DF2B83-2CD9-46F2-A993-3A824A2938F8}.Release|Any CPU.ActiveCfg = Release|Any CPU
		{C6DF2B83-2CD9-46F2-A993-3A824A2938F8}.Release|Any CPU.Build.0 = Release|Any CPU
		{A6F815D7-2284-4ACD-B2F4-BB54DAAE2117}.Debug|Any CPU.ActiveCfg = Debug|Any CPU
		{A6F815D7-2284-4ACD-B2F4-BB54DAAE2117}.Debug|Any CPU.Build.0 = Debug|Any CPU
		{A6F815D7-2284-4ACD-B2F4-BB54DAAE2117}.Release|Any CPU.ActiveCfg = Release|Any CPU
		{A6F815D7-2284-4ACD-B2F4-BB54DAAE2117}.Release|Any CPU.Build.0 = Release|Any CPU
		{BC63005E-30B4-4D78-AD15-966E0CE8EF0C}.Debug|Any CPU.ActiveCfg = Debug|Any CPU
		{BC63005E-30B4-4D78-AD15-966E0CE8EF0C}.Debug|Any CPU.Build.0 = Debug|Any CPU
		{BC63005E-30B4-4D78-AD15-966E0CE8EF0C}.Release|Any CPU.ActiveCfg = Release|Any CPU
		{BC63005E-30B4-4D78-AD15-966E0CE8EF0C}.Release|Any CPU.Build.0 = Release|Any CPU
		{812F7AEB-57EF-4CAD-9340-139FE4209720}.Debug|Any CPU.ActiveCfg = Debug|Any CPU
		{812F7AEB-57EF-4CAD-9340-139FE4209720}.Debug|Any CPU.Build.0 = Debug|Any CPU
		{812F7AEB-57EF-4CAD-9340-139FE4209720}.Release|Any CPU.ActiveCfg = Release|Any CPU
		{812F7AEB-57EF-4CAD-9340-139FE4209720}.Release|Any CPU.Build.0 = Release|Any CPU
		{20A591B2-8480-40F6-9459-AF5683CEF4BC}.Debug|Any CPU.ActiveCfg = Debug|Any CPU
		{20A591B2-8480-40F6-9459-AF5683CEF4BC}.Debug|Any CPU.Build.0 = Debug|Any CPU
		{20A591B2-8480-40F6-9459-AF5683CEF4BC}.Release|Any CPU.ActiveCfg = Release|Any CPU
		{20A591B2-8480-40F6-9459-AF5683CEF4BC}.Release|Any CPU.Build.0 = Release|Any CPU
		{AEEFF539-5E51-4EB5-81AC-ADCD13862E5A}.Debug|Any CPU.ActiveCfg = Debug|Any CPU
		{AEEFF539-5E51-4EB5-81AC-ADCD13862E5A}.Debug|Any CPU.Build.0 = Debug|Any CPU
		{AEEFF539-5E51-4EB5-81AC-ADCD13862E5A}.Release|Any CPU.ActiveCfg = Release|Any CPU
		{AEEFF539-5E51-4EB5-81AC-ADCD13862E5A}.Release|Any CPU.Build.0 = Release|Any CPU
		{3DD6E6CA-4D82-4E46-80A7-365966426147}.Debug|Any CPU.ActiveCfg = Debug|Any CPU
		{3DD6E6CA-4D82-4E46-80A7-365966426147}.Debug|Any CPU.Build.0 = Debug|Any CPU
		{3DD6E6CA-4D82-4E46-80A7-365966426147}.Release|Any CPU.ActiveCfg = Release|Any CPU
		{3DD6E6CA-4D82-4E46-80A7-365966426147}.Release|Any CPU.Build.0 = Release|Any CPU
		{CBB322DC-F610-452A-BDD3-3F02EEAFB41B}.Debug|Any CPU.ActiveCfg = Debug|Any CPU
		{CBB322DC-F610-452A-BDD3-3F02EEAFB41B}.Debug|Any CPU.Build.0 = Debug|Any CPU
		{CBB322DC-F610-452A-BDD3-3F02EEAFB41B}.Release|Any CPU.ActiveCfg = Release|Any CPU
		{CBB322DC-F610-452A-BDD3-3F02EEAFB41B}.Release|Any CPU.Build.0 = Release|Any CPU
		{D1CDB32C-8AE9-4C95-ABEB-034354993A15}.Debug|Any CPU.ActiveCfg = Debug|Any CPU
		{D1CDB32C-8AE9-4C95-ABEB-034354993A15}.Debug|Any CPU.Build.0 = Debug|Any CPU
		{D1CDB32C-8AE9-4C95-ABEB-034354993A15}.Release|Any CPU.ActiveCfg = Release|Any CPU
		{D1CDB32C-8AE9-4C95-ABEB-034354993A15}.Release|Any CPU.Build.0 = Release|Any CPU
		{E7F6C48F-B3B2-4375-8CBD-4961DF31B00F}.Debug|Any CPU.ActiveCfg = Debug|Any CPU
		{E7F6C48F-B3B2-4375-8CBD-4961DF31B00F}.Debug|Any CPU.Build.0 = Debug|Any CPU
		{E7F6C48F-B3B2-4375-8CBD-4961DF31B00F}.Release|Any CPU.ActiveCfg = Release|Any CPU
		{E7F6C48F-B3B2-4375-8CBD-4961DF31B00F}.Release|Any CPU.Build.0 = Release|Any CPU
		{C6E710AE-87C1-47AE-98EB-28B8F17EF3BB}.Debug|Any CPU.ActiveCfg = Debug|Any CPU
		{C6E710AE-87C1-47AE-98EB-28B8F17EF3BB}.Debug|Any CPU.Build.0 = Debug|Any CPU
		{C6E710AE-87C1-47AE-98EB-28B8F17EF3BB}.Release|Any CPU.ActiveCfg = Release|Any CPU
		{C6E710AE-87C1-47AE-98EB-28B8F17EF3BB}.Release|Any CPU.Build.0 = Release|Any CPU
		{004A06CB-4976-427C-A44A-48A650B928DA}.Debug|Any CPU.ActiveCfg = Debug|Any CPU
		{004A06CB-4976-427C-A44A-48A650B928DA}.Debug|Any CPU.Build.0 = Debug|Any CPU
		{004A06CB-4976-427C-A44A-48A650B928DA}.Release|Any CPU.ActiveCfg = Release|Any CPU
		{004A06CB-4976-427C-A44A-48A650B928DA}.Release|Any CPU.Build.0 = Release|Any CPU
		{8B794DED-F691-490B-8321-AFD927C1B025}.Debug|Any CPU.ActiveCfg = Debug|Any CPU
		{8B794DED-F691-490B-8321-AFD927C1B025}.Debug|Any CPU.Build.0 = Debug|Any CPU
		{8B794DED-F691-490B-8321-AFD927C1B025}.Release|Any CPU.ActiveCfg = Release|Any CPU
		{8B794DED-F691-490B-8321-AFD927C1B025}.Release|Any CPU.Build.0 = Release|Any CPU
		{9F59DFC5-4668-46BE-858D-AEF4219C6EC6}.Debug|Any CPU.ActiveCfg = Debug|Any CPU
		{9F59DFC5-4668-46BE-858D-AEF4219C6EC6}.Debug|Any CPU.Build.0 = Debug|Any CPU
		{9F59DFC5-4668-46BE-858D-AEF4219C6EC6}.Release|Any CPU.ActiveCfg = Release|Any CPU
		{9F59DFC5-4668-46BE-858D-AEF4219C6EC6}.Release|Any CPU.Build.0 = Release|Any CPU
		{D83CF16C-480A-4257-9107-7FB1186F029C}.Debug|Any CPU.ActiveCfg = Debug|Any CPU
		{D83CF16C-480A-4257-9107-7FB1186F029C}.Debug|Any CPU.Build.0 = Debug|Any CPU
		{D83CF16C-480A-4257-9107-7FB1186F029C}.Release|Any CPU.ActiveCfg = Release|Any CPU
		{D83CF16C-480A-4257-9107-7FB1186F029C}.Release|Any CPU.Build.0 = Release|Any CPU
		{820846E3-63C9-4AEB-8D53-027A6644B8B9}.Debug|Any CPU.ActiveCfg = Debug|Any CPU
		{820846E3-63C9-4AEB-8D53-027A6644B8B9}.Debug|Any CPU.Build.0 = Debug|Any CPU
		{820846E3-63C9-4AEB-8D53-027A6644B8B9}.Release|Any CPU.ActiveCfg = Release|Any CPU
		{820846E3-63C9-4AEB-8D53-027A6644B8B9}.Release|Any CPU.Build.0 = Release|Any CPU
		{E1F2C462-12D1-4629-A1CB-EDD2F021C218}.Debug|Any CPU.ActiveCfg = Debug|Any CPU
		{E1F2C462-12D1-4629-A1CB-EDD2F021C218}.Debug|Any CPU.Build.0 = Debug|Any CPU
		{E1F2C462-12D1-4629-A1CB-EDD2F021C218}.Release|Any CPU.ActiveCfg = Release|Any CPU
		{E1F2C462-12D1-4629-A1CB-EDD2F021C218}.Release|Any CPU.Build.0 = Release|Any CPU
		{61CBBE50-2EC0-41CF-86AF-67AB9DCE5ED8}.Debug|Any CPU.ActiveCfg = Debug|Any CPU
		{61CBBE50-2EC0-41CF-86AF-67AB9DCE5ED8}.Debug|Any CPU.Build.0 = Debug|Any CPU
		{61CBBE50-2EC0-41CF-86AF-67AB9DCE5ED8}.Release|Any CPU.ActiveCfg = Release|Any CPU
		{61CBBE50-2EC0-41CF-86AF-67AB9DCE5ED8}.Release|Any CPU.Build.0 = Release|Any CPU
		{A2956B14-4FC0-4020-951C-E6A96F760A9C}.Debug|Any CPU.ActiveCfg = Debug|Any CPU
		{A2956B14-4FC0-4020-951C-E6A96F760A9C}.Debug|Any CPU.Build.0 = Debug|Any CPU
		{A2956B14-4FC0-4020-951C-E6A96F760A9C}.Release|Any CPU.ActiveCfg = Release|Any CPU
		{A2956B14-4FC0-4020-951C-E6A96F760A9C}.Release|Any CPU.Build.0 = Release|Any CPU
		{1C226F0A-DA95-43D4-939E-99406A63C6EE}.Debug|Any CPU.ActiveCfg = Debug|Any CPU
		{1C226F0A-DA95-43D4-939E-99406A63C6EE}.Debug|Any CPU.Build.0 = Debug|Any CPU
		{1C226F0A-DA95-43D4-939E-99406A63C6EE}.Release|Any CPU.ActiveCfg = Release|Any CPU
		{1C226F0A-DA95-43D4-939E-99406A63C6EE}.Release|Any CPU.Build.0 = Release|Any CPU
		{96D3BB31-CDCA-410E-A630-F7519598A3DE}.Debug|Any CPU.ActiveCfg = Debug|Any CPU
		{96D3BB31-CDCA-410E-A630-F7519598A3DE}.Debug|Any CPU.Build.0 = Debug|Any CPU
		{96D3BB31-CDCA-410E-A630-F7519598A3DE}.Release|Any CPU.ActiveCfg = Release|Any CPU
		{96D3BB31-CDCA-410E-A630-F7519598A3DE}.Release|Any CPU.Build.0 = Release|Any CPU
		{D9EFE9B3-F1FB-4315-A92A-117F4ED92F59}.Debug|Any CPU.ActiveCfg = Debug|Any CPU
		{D9EFE9B3-F1FB-4315-A92A-117F4ED92F59}.Debug|Any CPU.Build.0 = Debug|Any CPU
		{D9EFE9B3-F1FB-4315-A92A-117F4ED92F59}.Release|Any CPU.ActiveCfg = Release|Any CPU
		{D9EFE9B3-F1FB-4315-A92A-117F4ED92F59}.Release|Any CPU.Build.0 = Release|Any CPU
		{5A28EB8C-FE54-4FE7-ABC7-F01C589B9DF9}.Debug|Any CPU.ActiveCfg = Debug|Any CPU
		{5A28EB8C-FE54-4FE7-ABC7-F01C589B9DF9}.Debug|Any CPU.Build.0 = Debug|Any CPU
		{5A28EB8C-FE54-4FE7-ABC7-F01C589B9DF9}.Release|Any CPU.ActiveCfg = Release|Any CPU
		{5A28EB8C-FE54-4FE7-ABC7-F01C589B9DF9}.Release|Any CPU.Build.0 = Release|Any CPU
		{85F90442-425E-416E-8496-F7A49964C9B0}.Debug|Any CPU.ActiveCfg = Debug|Any CPU
		{85F90442-425E-416E-8496-F7A49964C9B0}.Debug|Any CPU.Build.0 = Debug|Any CPU
		{85F90442-425E-416E-8496-F7A49964C9B0}.Release|Any CPU.ActiveCfg = Release|Any CPU
		{85F90442-425E-416E-8496-F7A49964C9B0}.Release|Any CPU.Build.0 = Release|Any CPU
		{48463747-6D56-4FDA-A0B8-3248950DF32A}.Debug|Any CPU.ActiveCfg = Debug|Any CPU
		{48463747-6D56-4FDA-A0B8-3248950DF32A}.Debug|Any CPU.Build.0 = Debug|Any CPU
		{48463747-6D56-4FDA-A0B8-3248950DF32A}.Release|Any CPU.ActiveCfg = Release|Any CPU
		{48463747-6D56-4FDA-A0B8-3248950DF32A}.Release|Any CPU.Build.0 = Release|Any CPU
		{6178EF8E-54D0-4C6A-97E3-6F31237C2CB6}.Debug|Any CPU.ActiveCfg = Debug|Any CPU
		{6178EF8E-54D0-4C6A-97E3-6F31237C2CB6}.Debug|Any CPU.Build.0 = Debug|Any CPU
		{6178EF8E-54D0-4C6A-97E3-6F31237C2CB6}.Release|Any CPU.ActiveCfg = Release|Any CPU
		{6178EF8E-54D0-4C6A-97E3-6F31237C2CB6}.Release|Any CPU.Build.0 = Release|Any CPU
		{A5DBEDE7-31F5-4967-B020-498E9BAF8D05}.Debug|Any CPU.ActiveCfg = Debug|Any CPU
		{A5DBEDE7-31F5-4967-B020-498E9BAF8D05}.Debug|Any CPU.Build.0 = Debug|Any CPU
		{A5DBEDE7-31F5-4967-B020-498E9BAF8D05}.Release|Any CPU.ActiveCfg = Release|Any CPU
		{A5DBEDE7-31F5-4967-B020-498E9BAF8D05}.Release|Any CPU.Build.0 = Release|Any CPU
	EndGlobalSection
	GlobalSection(SolutionProperties) = preSolution
		HideSolutionNode = FALSE
	EndGlobalSection
	GlobalSection(ExtensibilityGlobals) = postSolution
		SolutionGuid = {55DD516A-8239-4EB4-AEC5-06E96C50904F}
	EndGlobalSection
EndGlobal
