
Microsoft Visual Studio Solution File, Format Version 12.00
# Visual Studio 15
VisualStudioVersion = 15.0.28307.1705
MinimumVisualStudioVersion = 10.0.40219.1
Project("{8BC9CEB8-8B4A-11D0-8D11-00A0C91BC942}") = "Chap07", "Chap07\Chap07.vcxproj", "{ED6CD3AB-C092-4E86-A46C-95B15521EA76}"
EndProject
Global
	GlobalSection(SolutionConfigurationPlatforms) = preSolution
		Debug|x64 = Debug|x64
		Debug|x86 = Debug|x86
		Release|x64 = Release|x64
		Release|x86 = Release|x86
	EndGlobalSection
	GlobalSection(ProjectConfigurationPlatforms) = postSolution
		{ED6CD3AB-C092-4E86-A46C-95B15521EA76}.Debug|x64.ActiveCfg = Debug|x64
		{ED6CD3AB-C092-4E86-A46C-95B15521EA76}.Debug|x64.Build.0 = Debug|x64
		{ED6CD3AB-C092-4E86-A46C-95B15521EA76}.Debug|x86.ActiveCfg = Debug|Win32
		{ED6CD3AB-C092-4E86-A46C-95B15521EA76}.Debug|x86.Build.0 = Debug|Win32
		{ED6CD3AB-C092-4E86-A46C-95B15521EA76}.Release|x64.ActiveCfg = Release|x64
		{ED6CD3AB-C092-4E86-A46C-95B15521EA76}.Release|x64.Build.0 = Release|x64
		{ED6CD3AB-C092-4E86-A46C-95B15521EA76}.Release|x86.ActiveCfg = Release|Win32
		{ED6CD3AB-C092-4E86-A46C-95B15521EA76}.Release|x86.Build.0 = Release|Win32
	EndGlobalSection
	GlobalSection(SolutionProperties) = preSolution
		HideSolutionNode = FALSE
	EndGlobalSection
	GlobalSection(ExtensibilityGlobals) = postSolution
		SolutionGuid = {E91EFA85-FF6B-4650-864B-6BBC0C1E494D}
	EndGlobalSection
EndGlobal
