
Microsoft Visual Studio Solution File, Format Version 12.00
# Visual Studio Version 16
VisualStudioVersion = 16.0.31019.35
MinimumVisualStudioVersion = 10.0.40219.1
Project("{FAE04EC0-301F-11D3-BF4B-00C04F79EFBC}") = "ListBoxWinApp", "ListBoxWinApp\ListBoxWinApp.csproj", "{8DF9F2DE-BF05-4F5C-B8BC-09F20A8AF20E}"
EndProject
Project("{FAE04EC0-301F-11D3-BF4B-00C04F79EFBC}") = "RestaurentSelApp", "RestaurentSelApp\RestaurentSelApp.csproj", "{A784CE19-14D7-45E5-B451-34E18E294E66}"
EndProject
Project("{FAE04EC0-301F-11D3-BF4B-00C04F79EFBC}") = "TravelWishApp", "TravelWishApp\TravelWishApp.csproj", "{E70C4392-429B-4C3B-91B9-B3E3C5F992D5}"
EndProject
Project("{FAE04EC0-301F-11D3-BF4B-00C04F79EFBC}") = "ListViewApp", "ListViewApp\ListViewApp.csproj", "{B5404D2D-8D7F-4D8C-90CF-80424912A2B5}"
EndProject
Project("{FAE04EC0-301F-11D3-BF4B-00C04F79EFBC}") = "StudyHistoryApp", "StudyHistoryApp\StudyHistoryApp.csproj", "{A01DCEF2-8DA6-473D-96EC-66603838614C}"
EndProject
Project("{FAE04EC0-301F-11D3-BF4B-00C04F79EFBC}") = "DigitalClockApp", "DigitalClockApp\DigitalClockApp.csproj", "{6931505F-8807-4DF5-8A08-2230AF6C0E2E}"
EndProject
Project("{FAE04EC0-301F-11D3-BF4B-00C04F79EFBC}") = "DataCalcApp", "DataCalcApp\DataCalcApp.csproj", "{8E0275DD-CF6E-4F1F-987C-9D1FE57E34E7}"
EndProject
Project("{FAE04EC0-301F-11D3-BF4B-00C04F79EFBC}") = "DigitalAlarmClockApp", "DigitalAlarmClockApp\DigitalAlarmClockApp.csproj", "{190467F7-7884-4EA5-AB4C-534E956163DB}"
EndProject
Project("{FAE04EC0-301F-11D3-BF4B-00C04F79EFBC}") = "MoviePlayerApp", "MoviePlayerApp\MoviePlayerApp.csproj", "{6C65BFEC-2547-445E-AA79-5259F3E6EEFA}"
EndProject
Project("{FAE04EC0-301F-11D3-BF4B-00C04F79EFBC}") = "TextViewerApp", "TextViewerApp\TextViewerApp.csproj", "{56F65DA1-702B-4880-AA6A-5A3FEFB73E36}"
EndProject
Project("{FAE04EC0-301F-11D3-BF4B-00C04F79EFBC}") = "SimpleGraphicEditor", "SimpleGraphicEditor\SimpleGraphicEditor.csproj", "{0F77616E-DB64-4289-BFDD-302D202377B4}"
EndProject
Project("{FAE04EC0-301F-11D3-BF4B-00C04F79EFBC}") = "HelloWpfApp", "HelloWpfApp\HelloWpfApp.csproj", "{6EF3C4CC-D466-46E0-A68E-5C35785E2694}"
EndProject
Project("{FAE04EC0-301F-11D3-BF4B-00C04F79EFBC}") = "WpfLayoutApp", "WpfLayoutApp\WpfLayoutApp.csproj", "{83D28563-42E7-49B9-98CC-3032458B3060}"
EndProject
Project("{FAE04EC0-301F-11D3-BF4B-00C04F79EFBC}") = "BmlCalcApp", "BmlCalcApp\BmlCalcApp.csproj", "{E4A5E208-7695-46A6-BBD4-FB44A8F30448}"
EndProject
Project("{FAE04EC0-301F-11D3-BF4B-00C04F79EFBC}") = "BlinkerApp", "BlinkerApp\BlinkerApp.csproj", "{214FB767-D959-4024-97DF-9CA7C54BD5B2}"
EndProject
Global
	GlobalSection(SolutionConfigurationPlatforms) = preSolution
		Debug|Any CPU = Debug|Any CPU
		Release|Any CPU = Release|Any CPU
	EndGlobalSection
	GlobalSection(ProjectConfigurationPlatforms) = postSolution
		{8DF9F2DE-BF05-4F5C-B8BC-09F20A8AF20E}.Debug|Any CPU.ActiveCfg = Debug|Any CPU
		{8DF9F2DE-BF05-4F5C-B8BC-09F20A8AF20E}.Debug|Any CPU.Build.0 = Debug|Any CPU
		{8DF9F2DE-BF05-4F5C-B8BC-09F20A8AF20E}.Release|Any CPU.ActiveCfg = Release|Any CPU
		{8DF9F2DE-BF05-4F5C-B8BC-09F20A8AF20E}.Release|Any CPU.Build.0 = Release|Any CPU
		{A784CE19-14D7-45E5-B451-34E18E294E66}.Debug|Any CPU.ActiveCfg = Debug|Any CPU
		{A784CE19-14D7-45E5-B451-34E18E294E66}.Debug|Any CPU.Build.0 = Debug|Any CPU
		{A784CE19-14D7-45E5-B451-34E18E294E66}.Release|Any CPU.ActiveCfg = Release|Any CPU
		{A784CE19-14D7-45E5-B451-34E18E294E66}.Release|Any CPU.Build.0 = Release|Any CPU
		{E70C4392-429B-4C3B-91B9-B3E3C5F992D5}.Debug|Any CPU.ActiveCfg = Debug|Any CPU
		{E70C4392-429B-4C3B-91B9-B3E3C5F992D5}.Debug|Any CPU.Build.0 = Debug|Any CPU
		{E70C4392-429B-4C3B-91B9-B3E3C5F992D5}.Release|Any CPU.ActiveCfg = Release|Any CPU
		{E70C4392-429B-4C3B-91B9-B3E3C5F992D5}.Release|Any CPU.Build.0 = Release|Any CPU
		{B5404D2D-8D7F-4D8C-90CF-80424912A2B5}.Debug|Any CPU.ActiveCfg = Debug|Any CPU
		{B5404D2D-8D7F-4D8C-90CF-80424912A2B5}.Debug|Any CPU.Build.0 = Debug|Any CPU
		{B5404D2D-8D7F-4D8C-90CF-80424912A2B5}.Release|Any CPU.ActiveCfg = Release|Any CPU
		{B5404D2D-8D7F-4D8C-90CF-80424912A2B5}.Release|Any CPU.Build.0 = Release|Any CPU
		{A01DCEF2-8DA6-473D-96EC-66603838614C}.Debug|Any CPU.ActiveCfg = Debug|Any CPU
		{A01DCEF2-8DA6-473D-96EC-66603838614C}.Debug|Any CPU.Build.0 = Debug|Any CPU
		{A01DCEF2-8DA6-473D-96EC-66603838614C}.Release|Any CPU.ActiveCfg = Release|Any CPU
		{A01DCEF2-8DA6-473D-96EC-66603838614C}.Release|Any CPU.Build.0 = Release|Any CPU
		{6931505F-8807-4DF5-8A08-2230AF6C0E2E}.Debug|Any CPU.ActiveCfg = Debug|Any CPU
		{6931505F-8807-4DF5-8A08-2230AF6C0E2E}.Debug|Any CPU.Build.0 = Debug|Any CPU
		{6931505F-8807-4DF5-8A08-2230AF6C0E2E}.Release|Any CPU.ActiveCfg = Release|Any CPU
		{6931505F-8807-4DF5-8A08-2230AF6C0E2E}.Release|Any CPU.Build.0 = Release|Any CPU
		{8E0275DD-CF6E-4F1F-987C-9D1FE57E34E7}.Debug|Any CPU.ActiveCfg = Debug|Any CPU
		{8E0275DD-CF6E-4F1F-987C-9D1FE57E34E7}.Debug|Any CPU.Build.0 = Debug|Any CPU
		{8E0275DD-CF6E-4F1F-987C-9D1FE57E34E7}.Release|Any CPU.ActiveCfg = Release|Any CPU
		{8E0275DD-CF6E-4F1F-987C-9D1FE57E34E7}.Release|Any CPU.Build.0 = Release|Any CPU
		{190467F7-7884-4EA5-AB4C-534E956163DB}.Debug|Any CPU.ActiveCfg = Debug|Any CPU
		{190467F7-7884-4EA5-AB4C-534E956163DB}.Debug|Any CPU.Build.0 = Debug|Any CPU
		{190467F7-7884-4EA5-AB4C-534E956163DB}.Release|Any CPU.ActiveCfg = Release|Any CPU
		{190467F7-7884-4EA5-AB4C-534E956163DB}.Release|Any CPU.Build.0 = Release|Any CPU
		{6C65BFEC-2547-445E-AA79-5259F3E6EEFA}.Debug|Any CPU.ActiveCfg = Debug|Any CPU
		{6C65BFEC-2547-445E-AA79-5259F3E6EEFA}.Debug|Any CPU.Build.0 = Debug|Any CPU
		{6C65BFEC-2547-445E-AA79-5259F3E6EEFA}.Release|Any CPU.ActiveCfg = Release|Any CPU
		{6C65BFEC-2547-445E-AA79-5259F3E6EEFA}.Release|Any CPU.Build.0 = Release|Any CPU
		{56F65DA1-702B-4880-AA6A-5A3FEFB73E36}.Debug|Any CPU.ActiveCfg = Debug|Any CPU
		{56F65DA1-702B-4880-AA6A-5A3FEFB73E36}.Debug|Any CPU.Build.0 = Debug|Any CPU
		{56F65DA1-702B-4880-AA6A-5A3FEFB73E36}.Release|Any CPU.ActiveCfg = Release|Any CPU
		{56F65DA1-702B-4880-AA6A-5A3FEFB73E36}.Release|Any CPU.Build.0 = Release|Any CPU
		{0F77616E-DB64-4289-BFDD-302D202377B4}.Debug|Any CPU.ActiveCfg = Debug|Any CPU
		{0F77616E-DB64-4289-BFDD-302D202377B4}.Debug|Any CPU.Build.0 = Debug|Any CPU
		{0F77616E-DB64-4289-BFDD-302D202377B4}.Release|Any CPU.ActiveCfg = Release|Any CPU
		{0F77616E-DB64-4289-BFDD-302D202377B4}.Release|Any CPU.Build.0 = Release|Any CPU
		{6EF3C4CC-D466-46E0-A68E-5C35785E2694}.Debug|Any CPU.ActiveCfg = Debug|Any CPU
		{6EF3C4CC-D466-46E0-A68E-5C35785E2694}.Debug|Any CPU.Build.0 = Debug|Any CPU
		{6EF3C4CC-D466-46E0-A68E-5C35785E2694}.Release|Any CPU.ActiveCfg = Release|Any CPU
		{6EF3C4CC-D466-46E0-A68E-5C35785E2694}.Release|Any CPU.Build.0 = Release|Any CPU
		{83D28563-42E7-49B9-98CC-3032458B3060}.Debug|Any CPU.ActiveCfg = Debug|Any CPU
		{83D28563-42E7-49B9-98CC-3032458B3060}.Debug|Any CPU.Build.0 = Debug|Any CPU
		{83D28563-42E7-49B9-98CC-3032458B3060}.Release|Any CPU.ActiveCfg = Release|Any CPU
		{83D28563-42E7-49B9-98CC-3032458B3060}.Release|Any CPU.Build.0 = Release|Any CPU
		{E4A5E208-7695-46A6-BBD4-FB44A8F30448}.Debug|Any CPU.ActiveCfg = Debug|Any CPU
		{E4A5E208-7695-46A6-BBD4-FB44A8F30448}.Debug|Any CPU.Build.0 = Debug|Any CPU
		{E4A5E208-7695-46A6-BBD4-FB44A8F30448}.Release|Any CPU.ActiveCfg = Release|Any CPU
		{E4A5E208-7695-46A6-BBD4-FB44A8F30448}.Release|Any CPU.Build.0 = Release|Any CPU
		{214FB767-D959-4024-97DF-9CA7C54BD5B2}.Debug|Any CPU.ActiveCfg = Debug|Any CPU
		{214FB767-D959-4024-97DF-9CA7C54BD5B2}.Debug|Any CPU.Build.0 = Debug|Any CPU
		{214FB767-D959-4024-97DF-9CA7C54BD5B2}.Release|Any CPU.ActiveCfg = Release|Any CPU
		{214FB767-D959-4024-97DF-9CA7C54BD5B2}.Release|Any CPU.Build.0 = Release|Any CPU
	EndGlobalSection
	GlobalSection(SolutionProperties) = preSolution
		HideSolutionNode = FALSE
	EndGlobalSection
	GlobalSection(ExtensibilityGlobals) = postSolution
		SolutionGuid = {F069A451-852B-46B2-BDC0-B7AA2099D420}
	EndGlobalSection
EndGlobal
